// !$*UTF8*$!
{
	archiveVersion = 1;
	classes = {
	};
	objectVersion = 56;
	objects = {

/* Begin PBXBuildFile section */
		07E32C68A0641E6220EA5C56 /* Pods_GoDairy.framework in Frameworks */ = {isa = PBXBuildFile; fileRef = 17F6C07366FD3E932DB09DFA /* Pods_GoDairy.framework */; };
		1505FEEB2E7A8B4300A4E033 /* LeaveApprovalHistoryView.swift in Sources */ = {isa = PBXBuildFile; fileRef = 1505FEEA2E7A8B4300A4E033 /* LeaveApprovalHistoryView.swift */; };
		1505FEED2E7A8CAF00A4E033 /* LeaveApprovalHistoryViewModel.swift in Sources */ = {isa = PBXBuildFile; fileRef = 1505FEEC2E7A8CAF00A4E033 /* LeaveApprovalHistoryViewModel.swift */; };
		1505FEEF2E7A8E6F00A4E033 /* LeaveApprovalHistoryModel.swift in Sources */ = {isa = PBXBuildFile; fileRef = 1505FEEE2E7A8E6F00A4E033 /* LeaveApprovalHistoryModel.swift */; };
		1505FEF12E7AEAB900A4E033 /* AdvanceApprovalHistoryView.swift in Sources */ = {isa = PBXBuildFile; fileRef = 1505FEF02E7AEAB900A4E033 /* AdvanceApprovalHistoryView.swift */; };
		1505FF012E7C0B4B00A4E033 /* PermissionApprovalView.swift in Sources */ = {isa = PBXBuildFile; fileRef = 1505FF002E7C0B4B00A4E033 /* PermissionApprovalView.swift */; };
		1505FF032E7C1A7400A4E033 /* AdvanceApprovalHistoryModel.swift in Sources */ = {isa = PBXBuildFile; fileRef = 1505FF022E7C1A7400A4E033 /* AdvanceApprovalHistoryModel.swift */; };
		1505FF052E7C25B700A4E033 /* AdvanceApprovalHistoryViewModel.swift in Sources */ = {isa = PBXBuildFile; fileRef = 1505FF042E7C25B700A4E033 /* AdvanceApprovalHistoryViewModel.swift */; };
		1505FF072E7D603500A4E033 /* PermissionApprovalViewModel.swift in Sources */ = {isa = PBXBuildFile; fileRef = 1505FF062E7D603500A4E033 /* PermissionApprovalViewModel.swift */; };
		1505FF092E7D622E00A4E033 /* PermissionApprovalModel.swift in Sources */ = {isa = PBXBuildFile; fileRef = 1505FF082E7D622E00A4E033 /* PermissionApprovalModel.swift */; };
		1505FF0B2E7D7FD600A4E033 /* PermissionApprovalDetailsView.swift in Sources */ = {isa = PBXBuildFile; fileRef = 1505FF0A2E7D7FD600A4E033 /* PermissionApprovalDetailsView.swift */; };
		1505FF0D2E82723A00A4E033 /* AdvanceApprovalView.swift in Sources */ = {isa = PBXBuildFile; fileRef = 1505FF0C2E82723A00A4E033 /* AdvanceApprovalView.swift */; };
		1505FF0F2E82726000A4E033 /* AdvanceApprovalDetailsView.swift in Sources */ = {isa = PBXBuildFile; fileRef = 1505FF0E2E82726000A4E033 /* AdvanceApprovalDetailsView.swift */; };
		1505FF112E8273DF00A4E033 /* DeviationApprovalView.swift in Sources */ = {isa = PBXBuildFile; fileRef = 1505FF102E8273DF00A4E033 /* DeviationApprovalView.swift */; };
		1505FF132E82740200A4E033 /* DeviationApprovalDetailsView.swift in Sources */ = {isa = PBXBuildFile; fileRef = 1505FF122E82740200A4E033 /* DeviationApprovalDetailsView.swift */; };
		1505FF152E82743D00A4E033 /* LeaveCancelApprovalView.swift in Sources */ = {isa = PBXBuildFile; fileRef = 1505FF142E82743D00A4E033 /* LeaveCancelApprovalView.swift */; };
		1505FF172E82745A00A4E033 /* LeaveCancelApprovalDetailsView.swift in Sources */ = {isa = PBXBuildFile; fileRef = 1505FF162E82745A00A4E033 /* LeaveCancelApprovalDetailsView.swift */; };
		1505FF192E8279B300A4E033 /* LeaveCancelApprovalHistoryView.swift in Sources */ = {isa = PBXBuildFile; fileRef = 1505FF182E8279B300A4E033 /* LeaveCancelApprovalHistoryView.swift */; };
		1505FF1B2E8279DD00A4E033 /* LeaveCancelApprovalHistoryViewModel.swift in Sources */ = {isa = PBXBuildFile; fileRef = 1505FF1A2E8279DD00A4E033 /* LeaveCancelApprovalHistoryViewModel.swift */; };
		1505FF1D2E827A2C00A4E033 /* LeaveCancelApprovalHistoryModel.swift in Sources */ = {isa = PBXBuildFile; fileRef = 1505FF1C2E827A2C00A4E033 /* LeaveCancelApprovalHistoryModel.swift */; };
		1505FF1F2E82A59300A4E033 /* DeviationEntryApprovalViewModel.swift in Sources */ = {isa = PBXBuildFile; fileRef = 1505FF1E2E82A59300A4E033 /* DeviationEntryApprovalViewModel.swift */; };
		1505FF212E82B0FC00A4E033 /* DeviationEntryApprovalModel.swift in Sources */ = {isa = PBXBuildFile; fileRef = 1505FF202E82B0FC00A4E033 /* DeviationEntryApprovalModel.swift */; };
		1505FF232E83CCDD00A4E033 /* DeviationStatusView.swift in Sources */ = {isa = PBXBuildFile; fileRef = 1505FF222E83CCDD00A4E033 /* DeviationStatusView.swift */; };
		1505FF252E83CECF00A4E033 /* DeviationStatusViewModel.swift in Sources */ = {isa = PBXBuildFile; fileRef = 1505FF242E83CECF00A4E033 /* DeviationStatusViewModel.swift */; };
		1505FF272E83CF1000A4E033 /* DeviationStatusModel.swift in Sources */ = {isa = PBXBuildFile; fileRef = 1505FF262E83CF1000A4E033 /* DeviationStatusModel.swift */; };
		15289D392E8BFFD600251FDE /* GeoTaggingView.swift in Sources */ = {isa = PBXBuildFile; fileRef = 15289D382E8BFFD600251FDE /* GeoTaggingView.swift */; };
		15E8EA722E94ED9900E4D7AC /* GeoTaggingModel.swift in Sources */ = {isa = PBXBuildFile; fileRef = 15E8EA712E94ED9900E4D7AC /* GeoTaggingModel.swift */; };
		15E8EA742E94EDEC00E4D7AC /* GeoTaggingViewModel.swift in Sources */ = {isa = PBXBuildFile; fileRef = 15E8EA732E94EDEC00E4D7AC /* GeoTaggingViewModel.swift */; };
		381CCF842CE5C41900159560 /* MyDayPlan.swift in Sources */ = {isa = PBXBuildFile; fileRef = 381CCF832CE5C41900159560 /* MyDayPlan.swift */; };
		382455152E8BDC3D00561BB0 /* checkinmodel.swift in Sources */ = {isa = PBXBuildFile; fileRef = 382455142E8BDC3500561BB0 /* checkinmodel.swift */; };
		382455182E8BDD8C00561BB0 /* checkinviewmodel.swift in Sources */ = {isa = PBXBuildFile; fileRef = 382455172E8BDD8300561BB0 /* checkinviewmodel.swift */; };
		385ACE0F2E6AAA370046FE7D /* WeekOffEntryView.swift in Sources */ = {isa = PBXBuildFile; fileRef = 385ACE0E2E6AAA370046FE7D /* WeekOffEntryView.swift */; };
		385ACE1D2E6AC86C0046FE7D /* WeekOffModel.swift in Sources */ = {isa = PBXBuildFile; fileRef = 385ACE1C2E6AC8550046FE7D /* WeekOffModel.swift */; };
		385ACE1F2E6AC98A0046FE7D /* WeeklyOffViewModel.swift in Sources */ = {isa = PBXBuildFile; fileRef = 385ACE1E2E6AC9750046FE7D /* WeeklyOffViewModel.swift */; };
		385ACE212E6ADA740046FE7D /* DeviationEntryView.swift in Sources */ = {isa = PBXBuildFile; fileRef = 385ACE202E6ADA740046FE7D /* DeviationEntryView.swift */; };
		385ACE232E6AFEC70046FE7D /* DeviationEntryModel.swift in Sources */ = {isa = PBXBuildFile; fileRef = 385ACE222E6AFEBC0046FE7D /* DeviationEntryModel.swift */; };
		385ACE252E6B028F0046FE7D /* DeviationEntryViewModel.swift in Sources */ = {isa = PBXBuildFile; fileRef = 385ACE242E6B02860046FE7D /* DeviationEntryViewModel.swift */; };
		385EDAEA2E544DD6003F7AD0 /* LoginModel.swift in Sources */ = {isa = PBXBuildFile; fileRef = 385EDAE92E544DCF003F7AD0 /* LoginModel.swift */; };
		385EDAF02E54521E003F7AD0 /* PrivacyPolicyView.swift in Sources */ = {isa = PBXBuildFile; fileRef = 385EDAEF2E54521E003F7AD0 /* PrivacyPolicyView.swift */; };
		385EDAF62E5480B6003F7AD0 /* PermissionAskingView.swift in Sources */ = {isa = PBXBuildFile; fileRef = 385EDAF52E5480B6003F7AD0 /* PermissionAskingView.swift */; };
		38A7A1382E56E56D006240D1 /* SplashScreenView.swift in Sources */ = {isa = PBXBuildFile; fileRef = 38A7A1372E56E56D006240D1 /* SplashScreenView.swift */; };
		38A9D4C92E6E9C91009C70D2 /* leaveStatusViewmodel.swift in Sources */ = {isa = PBXBuildFile; fileRef = 38A9D4C82E6E9C7F009C70D2 /* leaveStatusViewmodel.swift */; };
		38A9D4CB2E6ED702009C70D2 /* missedPunchStatusModel.swift in Sources */ = {isa = PBXBuildFile; fileRef = 38A9D4CA2E6ED6F6009C70D2 /* missedPunchStatusModel.swift */; };
		38A9D4CF2E6EE20C009C70D2 /* leaveCancelStatusModel.swift in Sources */ = {isa = PBXBuildFile; fileRef = 38A9D4CE2E6EE206009C70D2 /* leaveCancelStatusModel.swift */; };
		38A9D4D12E6EE52B009C70D2 /* leaveCancelStatusViewmodel.swift in Sources */ = {isa = PBXBuildFile; fileRef = 38A9D4D02E6EE51A009C70D2 /* leaveCancelStatusViewmodel.swift */; };
		38A9D4D32E6EE830009C70D2 /* missedPunchView.swift in Sources */ = {isa = PBXBuildFile; fileRef = 38A9D4D22E6EE830009C70D2 /* missedPunchView.swift */; };
		38A9D4D52E6EE84B009C70D2 /* LeaveCancelView.swift in Sources */ = {isa = PBXBuildFile; fileRef = 38A9D4D42E6EE84B009C70D2 /* LeaveCancelView.swift */; };
		38AB2F002E6C515A007F3501 /* LeaveStatusView.swift in Sources */ = {isa = PBXBuildFile; fileRef = 38AB2EFF2E6C515A007F3501 /* LeaveStatusView.swift */; };
		38AB2F032E6C52C9007F3501 /* leaveStatusModel.swift in Sources */ = {isa = PBXBuildFile; fileRef = 38AB2F022E6C52BB007F3501 /* leaveStatusModel.swift */; };
		38AB43232E598CE700D33B3A /* MyDayPlanModel.swift in Sources */ = {isa = PBXBuildFile; fileRef = 38AB43222E598CDC00D33B3A /* MyDayPlanModel.swift */; };
		38AB79F92E55939D003F4214 /* PermissionManager.swift in Sources */ = {isa = PBXBuildFile; fileRef = 38AB79F82E559385003F4214 /* PermissionManager.swift */; };
		38AF3ECF2E73ED0300F76C5D /* missedApprovalModel.swift in Sources */ = {isa = PBXBuildFile; fileRef = 38AF3ECE2E73ECE300F76C5D /* missedApprovalModel.swift */; };
		38AF3ED22E73EF8E00F76C5D /* MissedApprovalViewModel.swift in Sources */ = {isa = PBXBuildFile; fileRef = 38AF3ED12E73EF7A00F76C5D /* MissedApprovalViewModel.swift */; };
		38AF3ED42E74139800F76C5D /* MissedPunchApprovalDetailsView.swift in Sources */ = {isa = PBXBuildFile; fileRef = 38AF3ED32E74139800F76C5D /* MissedPunchApprovalDetailsView.swift */; };
		38AF3ED72E742DDA00F76C5D /* PermissionApprovalHistoryView.swift in Sources */ = {isa = PBXBuildFile; fileRef = 38AF3ED62E742DDA00F76C5D /* PermissionApprovalHistoryView.swift */; };
		38AF3EDA2E74341700F76C5D /* approvalPermissionmodel.swift in Sources */ = {isa = PBXBuildFile; fileRef = 38AF3ED92E74340800F76C5D /* approvalPermissionmodel.swift */; };
		38AF3EE02E74375A00F76C5D /* permissionApprovalViewModel.swift in Sources */ = {isa = PBXBuildFile; fileRef = 38AF3EDF2E74374200F76C5D /* permissionApprovalViewModel.swift */; };
		38B15E7E2E98E9D70089A006 /* dummyView.swift in Sources */ = {isa = PBXBuildFile; fileRef = 38B15E7D2E98E9D70089A006 /* dummyView.swift */; };
		38B15E822E98FDD10089A006 /* primaryordermodel.swift in Sources */ = {isa = PBXBuildFile; fileRef = 38B15E812E98FDC60089A006 /* primaryordermodel.swift */; };
		38B15E862E9900FA0089A006 /* PrimaryorderViewModel.swift in Sources */ = {isa = PBXBuildFile; fileRef = 38B15E852E9900F30089A006 /* PrimaryorderViewModel.swift */; };
		38B15E882E9930500089A006 /* PermissionStatusView.swift in Sources */ = {isa = PBXBuildFile; fileRef = 38B15E872E9930500089A006 /* PermissionStatusView.swift */; };
		38BC79072E6FF03D000A784A /* weeklyOffView.swift in Sources */ = {isa = PBXBuildFile; fileRef = 38BC79062E6FF03D000A784A /* weeklyOffView.swift */; };
		38BC79092E701F2C000A784A /* DaysSelectionView.swift in Sources */ = {isa = PBXBuildFile; fileRef = 38BC79082E701F2C000A784A /* DaysSelectionView.swift */; };
		38BC790B2E702F6B000A784A /* weekOffStatusModel.swift in Sources */ = {isa = PBXBuildFile; fileRef = 38BC790A2E702F63000A784A /* weekOffStatusModel.swift */; };
		38BD708F2E72902F00AFDA7C /* ActivityDashboardView.swift in Sources */ = {isa = PBXBuildFile; fileRef = 38BD708E2E72902F00AFDA7C /* ActivityDashboardView.swift */; };
		38BD70922E72DFAB00AFDA7C /* ApprovalMainView.swift in Sources */ = {isa = PBXBuildFile; fileRef = 38BD70912E72DFAB00AFDA7C /* ApprovalMainView.swift */; };
		38BD70952E72E72600AFDA7C /* MissedPunchApprovalView.swift in Sources */ = {isa = PBXBuildFile; fileRef = 38BD70942E72E72600AFDA7C /* MissedPunchApprovalView.swift */; };
		38BF101F2E87CA8C00DDCA04 /* MapView.swift in Sources */ = {isa = PBXBuildFile; fileRef = 38BF101E2E87CA8C00DDCA04 /* MapView.swift */; };
		38C26F332D2BF97E00595798 /* RequestView.swift in Sources */ = {isa = PBXBuildFile; fileRef = 38C26F322D2BF97E00595798 /* RequestView.swift */; };
		38C3C10A2E83FB100014DCA2 /* MapKit.swift in Sources */ = {isa = PBXBuildFile; fileRef = 38C3C1092E83FB0B0014DCA2 /* MapKit.swift */; };
		38C4FB952E9CC510001934AD /* permissionStatusModel.swift in Sources */ = {isa = PBXBuildFile; fileRef = 38C4FB942E9CC503001934AD /* permissionStatusModel.swift */; };
		38C4FB9C2E9CDBC4001934AD /* missedPunchStatusViewmodel.swift in Sources */ = {isa = PBXBuildFile; fileRef = 38C4FB9B2E9CDBBA001934AD /* missedPunchStatusViewmodel.swift */; };
		38C4FB9E2E9CDBDF001934AD /* weekOffStatusViewmodel.swift in Sources */ = {isa = PBXBuildFile; fileRef = 38C4FB9D2E9CDBD6001934AD /* weekOffStatusViewmodel.swift */; };
		38C4FBA02E9CDBFE001934AD /* permissionStatusViewmodel.swift in Sources */ = {isa = PBXBuildFile; fileRef = 38C4FB9F2E9CDBF7001934AD /* permissionStatusViewmodel.swift */; };
		38C4FBA42E9CDC6F001934AD /* demoView.swift in Sources */ = {isa = PBXBuildFile; fileRef = 38C4FBA32E9CDC6F001934AD /* demoView.swift */; };
		38C563FE2C637D5200153761 /* GoDairyApp.swift in Sources */ = {isa = PBXBuildFile; fileRef = 38C563FD2C637D5200153761 /* GoDairyApp.swift */; };
		38C564002C637D5200153761 /* ContentView.swift in Sources */ = {isa = PBXBuildFile; fileRef = 38C563FF2C637D5200153761 /* ContentView.swift */; };
		38C564022C637D5300153761 /* Assets.xcassets in Resources */ = {isa = PBXBuildFile; fileRef = 38C564012C637D5300153761 /* Assets.xcassets */; };
		38C564052C637D5300153761 /* Preview Assets.xcassets in Resources */ = {isa = PBXBuildFile; fileRef = 38C564042C637D5300153761 /* Preview Assets.xcassets */; };
		38C5A3B82E853D6800BF8958 /* cameraPreview.swift in Sources */ = {isa = PBXBuildFile; fileRef = 38C5A3B72E853D5F00BF8958 /* cameraPreview.swift */; };
		38C7FB042E7ACA3A001CA81D /* leaveApprovalModel.swift in Sources */ = {isa = PBXBuildFile; fileRef = 38C7FB032E7ACA2E001CA81D /* leaveApprovalModel.swift */; };
		38C7FB062E7AD2BB001CA81D /* LeaveApprovalViewModel.swift in Sources */ = {isa = PBXBuildFile; fileRef = 38C7FB052E7AD2A7001CA81D /* LeaveApprovalViewModel.swift */; };
		38C7FB082E7ADD71001CA81D /* LeaveApprovalView.swift in Sources */ = {isa = PBXBuildFile; fileRef = 38C7FB072E7ADD71001CA81D /* LeaveApprovalView.swift */; };
		38C7FB0A2E7AE3CC001CA81D /* LeaveApprovalDetailsView.swift in Sources */ = {isa = PBXBuildFile; fileRef = 38C7FB092E7AE3CC001CA81D /* LeaveApprovalDetailsView.swift */; };
		38C83D552E5852A600354AFD /* DashboardView.swift in Sources */ = {isa = PBXBuildFile; fileRef = 38C83D542E5852A600354AFD /* DashboardView.swift */; };
		38CA96BF2E6572CF000532A5 /* AdvanceRequestModel.swift in Sources */ = {isa = PBXBuildFile; fileRef = 38CA96BE2E6572CF000532A5 /* AdvanceRequestModel.swift */; };
		38CA96C12E6573C0000532A5 /* AdvanceRequestViewModel.swift in Sources */ = {isa = PBXBuildFile; fileRef = 38CA96C02E6573B3000532A5 /* AdvanceRequestViewModel.swift */; };
		38CCC3E82CB6865D0096B309 /* CalendarView.swift in Sources */ = {isa = PBXBuildFile; fileRef = 38CCC3E72CB6865D0096B309 /* CalendarView.swift */; };
		38CDF9D72E7967B500085DF6 /* approvalMissedPunchModel.swift in Sources */ = {isa = PBXBuildFile; fileRef = 38CDF9D62E7967A800085DF6 /* approvalMissedPunchModel.swift */; };
		38CDF9D92E796B7800085DF6 /* missedPunchApprovalHistoryViewModel.swift in Sources */ = {isa = PBXBuildFile; fileRef = 38CDF9D82E796B5B00085DF6 /* missedPunchApprovalHistoryViewModel.swift */; };
		38CDF9DB2E79711E00085DF6 /* MissedPunchApprovalHistoryView.swift in Sources */ = {isa = PBXBuildFile; fileRef = 38CDF9DA2E79711E00085DF6 /* MissedPunchApprovalHistoryView.swift */; };
		38D19F072E66AD7C00399314 /* PermissionRequestView.swift in Sources */ = {isa = PBXBuildFile; fileRef = 38D19F062E66AD7B00399314 /* PermissionRequestView.swift */; };
		38D19F092E66E5A500399314 /* PermissionRequestModel.swift in Sources */ = {isa = PBXBuildFile; fileRef = 38D19F082E66E59A00399314 /* PermissionRequestModel.swift */; };
		38D19F0B2E66E85D00399314 /* PermissionRequestViewModel.swift in Sources */ = {isa = PBXBuildFile; fileRef = 38D19F0A2E66E84700399314 /* PermissionRequestViewModel.swift */; };
		38D2FA632E8AA7F700D2CEC8 /* MonthlyViewAllView.swift in Sources */ = {isa = PBXBuildFile; fileRef = 38D2FA622E8AA7F700D2CEC8 /* MonthlyViewAllView.swift */; };
		38D365482E7D71040068CA01 /* dashboardViewmodel.swift in Sources */ = {isa = PBXBuildFile; fileRef = 38D365472E7D70F70068CA01 /* dashboardViewmodel.swift */; };
		38D735AA2E53383A00197EA1 /* Launch Screen.storyboard in Resources */ = {isa = PBXBuildFile; fileRef = 38D735A92E53383A00197EA1 /* Launch Screen.storyboard */; };
		38D735AC2E533E0D00197EA1 /* DataViewModel.swift in Sources */ = {isa = PBXBuildFile; fileRef = 38D735AB2E533DEA00197EA1 /* DataViewModel.swift */; };
		38D735AE2E533E8C00197EA1 /* NetworkManager.swift in Sources */ = {isa = PBXBuildFile; fileRef = 38D735AD2E533E8000197EA1 /* NetworkManager.swift */; };
		38D735B22E5342B800197EA1 /* Constant.swift in Sources */ = {isa = PBXBuildFile; fileRef = 38D735B12E5342B200197EA1 /* Constant.swift */; };
		38D9941D2E96378A00EBCD6C /* PrimaryOrderListView.swift in Sources */ = {isa = PBXBuildFile; fileRef = 38D9941C2E96378A00EBCD6C /* PrimaryOrderListView.swift */; };
		38D9941F2E9685BE00EBCD6C /* Common.swift in Sources */ = {isa = PBXBuildFile; fileRef = 38D9941E2E9685BA00EBCD6C /* Common.swift */; };
		38D994212E968ED700EBCD6C /* PrimaryOrderHistoryView.swift in Sources */ = {isa = PBXBuildFile; fileRef = 38D994202E968ED700EBCD6C /* PrimaryOrderHistoryView.swift */; };
		38D997032E696E65005DD972 /* MissedPunchView.swift in Sources */ = {isa = PBXBuildFile; fileRef = 38D997022E696E65005DD972 /* MissedPunchView.swift */; };
		38D997052E6974D5005DD972 /* MissedPunchModel.swift in Sources */ = {isa = PBXBuildFile; fileRef = 38D997042E6974C8005DD972 /* MissedPunchModel.swift */; };
		38D997072E69777E005DD972 /* MissedPunchViewModel.swift in Sources */ = {isa = PBXBuildFile; fileRef = 38D997062E69776E005DD972 /* MissedPunchViewModel.swift */; };
		38E041FA2E815C1E0022C8FC /* Check-In View.swift in Sources */ = {isa = PBXBuildFile; fileRef = 38E041F92E815C1E0022C8FC /* Check-In View.swift */; };
		38EA2C012E5C686000428C3C /* AdvanceRequestView.swift in Sources */ = {isa = PBXBuildFile; fileRef = 38EA2C002E5C686000428C3C /* AdvanceRequestView.swift */; };
		38EA2C032E5C712900428C3C /* LeaveRequestView.swift in Sources */ = {isa = PBXBuildFile; fileRef = 38EA2C022E5C712900428C3C /* LeaveRequestView.swift */; };
		38EB916B2E603D0000077669 /* Helper.swift in Sources */ = {isa = PBXBuildFile; fileRef = 38EB916A2E603CFB00077669 /* Helper.swift */; };
		38EB916D2E606F1300077669 /* LeaveRequestViewModel.swift in Sources */ = {isa = PBXBuildFile; fileRef = 38EB916C2E606F0700077669 /* LeaveRequestViewModel.swift */; };
		38EB916F2E60710800077669 /* LeaveRequestDataResponse.swift in Sources */ = {isa = PBXBuildFile; fileRef = 38EB916E2E60710100077669 /* LeaveRequestDataResponse.swift */; };
		38EEA3B32E5DC83200CAC7FD /* SelectionView.swift in Sources */ = {isa = PBXBuildFile; fileRef = 38EEA3B22E5DC83200CAC7FD /* SelectionView.swift */; };
		38F1BA502CB1213200D4DFF2 /* ColorFile.swift in Sources */ = {isa = PBXBuildFile; fileRef = 38F1BA4F2CB1213200D4DFF2 /* ColorFile.swift */; };
		38F1BA522CB138C300D4DFF2 /* Todayview.swift in Sources */ = {isa = PBXBuildFile; fileRef = 38F1BA512CB138C300D4DFF2 /* Todayview.swift */; };
		38F1BA542CB138DC00D4DFF2 /* Monthlyview.swift in Sources */ = {isa = PBXBuildFile; fileRef = 38F1BA532CB138DC00D4DFF2 /* Monthlyview.swift */; };
		3F67B5B62CA7D12400A1BCB7 /* Login_Page_View.swift in Sources */ = {isa = PBXBuildFile; fileRef = 3F67B5B52CA7D12400A1BCB7 /* Login_Page_View.swift */; };
		3F67B5B92CA7D30F00A1BCB7 /* Toast message.swift in Sources */ = {isa = PBXBuildFile; fileRef = 3F67B5B82CA7D30F00A1BCB7 /* Toast message.swift */; };
		3F67B5BE2CA7DA5000A1BCB7 /* APIClient.swift in Sources */ = {isa = PBXBuildFile; fileRef = 3F67B5BD2CA7DA5000A1BCB7 /* APIClient.swift */; };
/* End PBXBuildFile section */

/* Begin PBXFileReference section */
		1505FEEA2E7A8B4300A4E033 /* LeaveApprovalHistoryView.swift */ = {isa = PBXFileReference; lastKnownFileType = sourcecode.swift; path = LeaveApprovalHistoryView.swift; sourceTree = "<group>"; };
		1505FEEC2E7A8CAF00A4E033 /* LeaveApprovalHistoryViewModel.swift */ = {isa = PBXFileReference; lastKnownFileType = sourcecode.swift; path = LeaveApprovalHistoryViewModel.swift; sourceTree = "<group>"; };
		1505FEEE2E7A8E6F00A4E033 /* LeaveApprovalHistoryModel.swift */ = {isa = PBXFileReference; lastKnownFileType = sourcecode.swift; path = LeaveApprovalHistoryModel.swift; sourceTree = "<group>"; };
		1505FEF02E7AEAB900A4E033 /* AdvanceApprovalHistoryView.swift */ = {isa = PBXFileReference; lastKnownFileType = sourcecode.swift; path = AdvanceApprovalHistoryView.swift; sourceTree = "<group>"; };
		1505FF002E7C0B4B00A4E033 /* PermissionApprovalView.swift */ = {isa = PBXFileReference; lastKnownFileType = sourcecode.swift; path = PermissionApprovalView.swift; sourceTree = "<group>"; };
		1505FF022E7C1A7400A4E033 /* AdvanceApprovalHistoryModel.swift */ = {isa = PBXFileReference; lastKnownFileType = sourcecode.swift; path = AdvanceApprovalHistoryModel.swift; sourceTree = "<group>"; };
		1505FF042E7C25B700A4E033 /* AdvanceApprovalHistoryViewModel.swift */ = {isa = PBXFileReference; lastKnownFileType = sourcecode.swift; path = AdvanceApprovalHistoryViewModel.swift; sourceTree = "<group>"; };
		1505FF062E7D603500A4E033 /* PermissionApprovalViewModel.swift */ = {isa = PBXFileReference; lastKnownFileType = sourcecode.swift; path = PermissionApprovalViewModel.swift; sourceTree = "<group>"; };
		1505FF082E7D622E00A4E033 /* PermissionApprovalModel.swift */ = {isa = PBXFileReference; lastKnownFileType = sourcecode.swift; path = PermissionApprovalModel.swift; sourceTree = "<group>"; };
		1505FF0A2E7D7FD600A4E033 /* PermissionApprovalDetailsView.swift */ = {isa = PBXFileReference; lastKnownFileType = sourcecode.swift; path = PermissionApprovalDetailsView.swift; sourceTree = "<group>"; };
		1505FF0C2E82723A00A4E033 /* AdvanceApprovalView.swift */ = {isa = PBXFileReference; lastKnownFileType = sourcecode.swift; path = AdvanceApprovalView.swift; sourceTree = "<group>"; };
		1505FF0E2E82726000A4E033 /* AdvanceApprovalDetailsView.swift */ = {isa = PBXFileReference; lastKnownFileType = sourcecode.swift; path = AdvanceApprovalDetailsView.swift; sourceTree = "<group>"; };
		1505FF102E8273DF00A4E033 /* DeviationApprovalView.swift */ = {isa = PBXFileReference; lastKnownFileType = sourcecode.swift; path = DeviationApprovalView.swift; sourceTree = "<group>"; };
		1505FF122E82740200A4E033 /* DeviationApprovalDetailsView.swift */ = {isa = PBXFileReference; lastKnownFileType = sourcecode.swift; path = DeviationApprovalDetailsView.swift; sourceTree = "<group>"; };
		1505FF142E82743D00A4E033 /* LeaveCancelApprovalView.swift */ = {isa = PBXFileReference; lastKnownFileType = sourcecode.swift; path = LeaveCancelApprovalView.swift; sourceTree = "<group>"; };
		1505FF162E82745A00A4E033 /* LeaveCancelApprovalDetailsView.swift */ = {isa = PBXFileReference; lastKnownFileType = sourcecode.swift; path = LeaveCancelApprovalDetailsView.swift; sourceTree = "<group>"; };
		1505FF182E8279B300A4E033 /* LeaveCancelApprovalHistoryView.swift */ = {isa = PBXFileReference; lastKnownFileType = sourcecode.swift; path = LeaveCancelApprovalHistoryView.swift; sourceTree = "<group>"; };
		1505FF1A2E8279DD00A4E033 /* LeaveCancelApprovalHistoryViewModel.swift */ = {isa = PBXFileReference; lastKnownFileType = sourcecode.swift; path = LeaveCancelApprovalHistoryViewModel.swift; sourceTree = "<group>"; };
		1505FF1C2E827A2C00A4E033 /* LeaveCancelApprovalHistoryModel.swift */ = {isa = PBXFileReference; lastKnownFileType = sourcecode.swift; path = LeaveCancelApprovalHistoryModel.swift; sourceTree = "<group>"; };
		1505FF1E2E82A59300A4E033 /* DeviationEntryApprovalViewModel.swift */ = {isa = PBXFileReference; lastKnownFileType = sourcecode.swift; path = DeviationEntryApprovalViewModel.swift; sourceTree = "<group>"; };
		1505FF202E82B0FC00A4E033 /* DeviationEntryApprovalModel.swift */ = {isa = PBXFileReference; lastKnownFileType = sourcecode.swift; path = DeviationEntryApprovalModel.swift; sourceTree = "<group>"; };
		1505FF222E83CCDD00A4E033 /* DeviationStatusView.swift */ = {isa = PBXFileReference; lastKnownFileType = sourcecode.swift; path = DeviationStatusView.swift; sourceTree = "<group>"; };
		1505FF242E83CECF00A4E033 /* DeviationStatusViewModel.swift */ = {isa = PBXFileReference; lastKnownFileType = sourcecode.swift; path = DeviationStatusViewModel.swift; sourceTree = "<group>"; };
		1505FF262E83CF1000A4E033 /* DeviationStatusModel.swift */ = {isa = PBXFileReference; lastKnownFileType = sourcecode.swift; path = DeviationStatusModel.swift; sourceTree = "<group>"; };
		15289D382E8BFFD600251FDE /* GeoTaggingView.swift */ = {isa = PBXFileReference; lastKnownFileType = sourcecode.swift; path = GeoTaggingView.swift; sourceTree = "<group>"; };
		15E8EA712E94ED9900E4D7AC /* GeoTaggingModel.swift */ = {isa = PBXFileReference; lastKnownFileType = sourcecode.swift; path = GeoTaggingModel.swift; sourceTree = "<group>"; };
		15E8EA732E94EDEC00E4D7AC /* GeoTaggingViewModel.swift */ = {isa = PBXFileReference; lastKnownFileType = sourcecode.swift; path = GeoTaggingViewModel.swift; sourceTree = "<group>"; };
		17F6C07366FD3E932DB09DFA /* Pods_GoDairy.framework */ = {isa = PBXFileReference; explicitFileType = wrapper.framework; includeInIndex = 0; path = Pods_GoDairy.framework; sourceTree = BUILT_PRODUCTS_DIR; };
		381CCF832CE5C41900159560 /* MyDayPlan.swift */ = {isa = PBXFileReference; lastKnownFileType = sourcecode.swift; path = MyDayPlan.swift; sourceTree = "<group>"; };
		382455142E8BDC3500561BB0 /* checkinmodel.swift */ = {isa = PBXFileReference; lastKnownFileType = sourcecode.swift; path = checkinmodel.swift; sourceTree = "<group>"; };
		382455172E8BDD8300561BB0 /* checkinviewmodel.swift */ = {isa = PBXFileReference; lastKnownFileType = sourcecode.swift; path = checkinviewmodel.swift; sourceTree = "<group>"; };
		385ACE0E2E6AAA370046FE7D /* WeekOffEntryView.swift */ = {isa = PBXFileReference; lastKnownFileType = sourcecode.swift; path = WeekOffEntryView.swift; sourceTree = "<group>"; };
		385ACE1C2E6AC8550046FE7D /* WeekOffModel.swift */ = {isa = PBXFileReference; lastKnownFileType = sourcecode.swift; path = WeekOffModel.swift; sourceTree = "<group>"; };
		385ACE1E2E6AC9750046FE7D /* WeeklyOffViewModel.swift */ = {isa = PBXFileReference; lastKnownFileType = sourcecode.swift; path = WeeklyOffViewModel.swift; sourceTree = "<group>"; };
		385ACE202E6ADA740046FE7D /* DeviationEntryView.swift */ = {isa = PBXFileReference; lastKnownFileType = sourcecode.swift; path = DeviationEntryView.swift; sourceTree = "<group>"; };
		385ACE222E6AFEBC0046FE7D /* DeviationEntryModel.swift */ = {isa = PBXFileReference; lastKnownFileType = sourcecode.swift; path = DeviationEntryModel.swift; sourceTree = "<group>"; };
		385ACE242E6B02860046FE7D /* DeviationEntryViewModel.swift */ = {isa = PBXFileReference; lastKnownFileType = sourcecode.swift; path = DeviationEntryViewModel.swift; sourceTree = "<group>"; };
		385EDAE92E544DCF003F7AD0 /* LoginModel.swift */ = {isa = PBXFileReference; lastKnownFileType = sourcecode.swift; path = LoginModel.swift; sourceTree = "<group>"; };
		385EDAEF2E54521E003F7AD0 /* PrivacyPolicyView.swift */ = {isa = PBXFileReference; lastKnownFileType = sourcecode.swift; path = PrivacyPolicyView.swift; sourceTree = "<group>"; };
		385EDAF52E5480B6003F7AD0 /* PermissionAskingView.swift */ = {isa = PBXFileReference; lastKnownFileType = sourcecode.swift; path = PermissionAskingView.swift; sourceTree = "<group>"; };
		38A7A1372E56E56D006240D1 /* SplashScreenView.swift */ = {isa = PBXFileReference; lastKnownFileType = sourcecode.swift; path = SplashScreenView.swift; sourceTree = "<group>"; };
		38A9D4C82E6E9C7F009C70D2 /* leaveStatusViewmodel.swift */ = {isa = PBXFileReference; lastKnownFileType = sourcecode.swift; path = leaveStatusViewmodel.swift; sourceTree = "<group>"; };
		38A9D4CA2E6ED6F6009C70D2 /* missedPunchStatusModel.swift */ = {isa = PBXFileReference; lastKnownFileType = sourcecode.swift; path = missedPunchStatusModel.swift; sourceTree = "<group>"; };
		38A9D4CE2E6EE206009C70D2 /* leaveCancelStatusModel.swift */ = {isa = PBXFileReference; lastKnownFileType = sourcecode.swift; path = leaveCancelStatusModel.swift; sourceTree = "<group>"; };
		38A9D4D02E6EE51A009C70D2 /* leaveCancelStatusViewmodel.swift */ = {isa = PBXFileReference; lastKnownFileType = sourcecode.swift; path = leaveCancelStatusViewmodel.swift; sourceTree = "<group>"; };
		38A9D4D22E6EE830009C70D2 /* missedPunchView.swift */ = {isa = PBXFileReference; lastKnownFileType = sourcecode.swift; path = missedPunchView.swift; sourceTree = "<group>"; };
		38A9D4D42E6EE84B009C70D2 /* LeaveCancelView.swift */ = {isa = PBXFileReference; lastKnownFileType = sourcecode.swift; path = LeaveCancelView.swift; sourceTree = "<group>"; };
		38AB2EFF2E6C515A007F3501 /* LeaveStatusView.swift */ = {isa = PBXFileReference; lastKnownFileType = sourcecode.swift; path = LeaveStatusView.swift; sourceTree = "<group>"; };
		38AB2F022E6C52BB007F3501 /* leaveStatusModel.swift */ = {isa = PBXFileReference; lastKnownFileType = sourcecode.swift; path = leaveStatusModel.swift; sourceTree = "<group>"; };
		38AB43222E598CDC00D33B3A /* MyDayPlanModel.swift */ = {isa = PBXFileReference; lastKnownFileType = sourcecode.swift; path = MyDayPlanModel.swift; sourceTree = "<group>"; };
		38AB79F82E559385003F4214 /* PermissionManager.swift */ = {isa = PBXFileReference; lastKnownFileType = sourcecode.swift; path = PermissionManager.swift; sourceTree = "<group>"; };
		38AF3ECE2E73ECE300F76C5D /* missedApprovalModel.swift */ = {isa = PBXFileReference; lastKnownFileType = sourcecode.swift; path = missedApprovalModel.swift; sourceTree = "<group>"; };
		38AF3ED12E73EF7A00F76C5D /* MissedApprovalViewModel.swift */ = {isa = PBXFileReference; lastKnownFileType = sourcecode.swift; path = MissedApprovalViewModel.swift; sourceTree = "<group>"; };
		38AF3ED32E74139800F76C5D /* MissedPunchApprovalDetailsView.swift */ = {isa = PBXFileReference; lastKnownFileType = sourcecode.swift; path = MissedPunchApprovalDetailsView.swift; sourceTree = "<group>"; };
		38AF3ED62E742DDA00F76C5D /* PermissionApprovalHistoryView.swift */ = {isa = PBXFileReference; lastKnownFileType = sourcecode.swift; path = PermissionApprovalHistoryView.swift; sourceTree = "<group>"; };
		38AF3ED92E74340800F76C5D /* approvalPermissionmodel.swift */ = {isa = PBXFileReference; lastKnownFileType = sourcecode.swift; path = approvalPermissionmodel.swift; sourceTree = "<group>"; };
		38AF3EDF2E74374200F76C5D /* permissionApprovalViewModel.swift */ = {isa = PBXFileReference; lastKnownFileType = sourcecode.swift; path = permissionApprovalViewModel.swift; sourceTree = "<group>"; };
		38B15E7D2E98E9D70089A006 /* dummyView.swift */ = {isa = PBXFileReference; lastKnownFileType = sourcecode.swift; path = dummyView.swift; sourceTree = "<group>"; };
		38B15E812E98FDC60089A006 /* primaryordermodel.swift */ = {isa = PBXFileReference; lastKnownFileType = sourcecode.swift; path = primaryordermodel.swift; sourceTree = "<group>"; };
		38B15E852E9900F30089A006 /* PrimaryorderViewModel.swift */ = {isa = PBXFileReference; lastKnownFileType = sourcecode.swift; path = PrimaryorderViewModel.swift; sourceTree = "<group>"; };
		38B15E872E9930500089A006 /* PermissionStatusView.swift */ = {isa = PBXFileReference; lastKnownFileType = sourcecode.swift; path = PermissionStatusView.swift; sourceTree = "<group>"; };
		38BC79062E6FF03D000A784A /* weeklyOffView.swift */ = {isa = PBXFileReference; lastKnownFileType = sourcecode.swift; path = weeklyOffView.swift; sourceTree = "<group>"; };
		38BC79082E701F2C000A784A /* DaysSelectionView.swift */ = {isa = PBXFileReference; lastKnownFileType = sourcecode.swift; path = DaysSelectionView.swift; sourceTree = "<group>"; };
		38BC790A2E702F63000A784A /* weekOffStatusModel.swift */ = {isa = PBXFileReference; lastKnownFileType = sourcecode.swift; path = weekOffStatusModel.swift; sourceTree = "<group>"; };
		38BD708E2E72902F00AFDA7C /* ActivityDashboardView.swift */ = {isa = PBXFileReference; lastKnownFileType = sourcecode.swift; path = ActivityDashboardView.swift; sourceTree = "<group>"; };
		38BD70912E72DFAB00AFDA7C /* ApprovalMainView.swift */ = {isa = PBXFileReference; lastKnownFileType = sourcecode.swift; path = ApprovalMainView.swift; sourceTree = "<group>"; };
		38BD70942E72E72600AFDA7C /* MissedPunchApprovalView.swift */ = {isa = PBXFileReference; lastKnownFileType = sourcecode.swift; path = MissedPunchApprovalView.swift; sourceTree = "<group>"; };
		38BF101E2E87CA8C00DDCA04 /* MapView.swift */ = {isa = PBXFileReference; lastKnownFileType = sourcecode.swift; path = MapView.swift; sourceTree = "<group>"; };
		38C26F322D2BF97E00595798 /* RequestView.swift */ = {isa = PBXFileReference; lastKnownFileType = sourcecode.swift; path = RequestView.swift; sourceTree = "<group>"; };
		38C3C1092E83FB0B0014DCA2 /* MapKit.swift */ = {isa = PBXFileReference; lastKnownFileType = sourcecode.swift; path = MapKit.swift; sourceTree = "<group>"; };
		38C4FB942E9CC503001934AD /* permissionStatusModel.swift */ = {isa = PBXFileReference; lastKnownFileType = sourcecode.swift; path = permissionStatusModel.swift; sourceTree = "<group>"; };
		38C4FB9B2E9CDBBA001934AD /* missedPunchStatusViewmodel.swift */ = {isa = PBXFileReference; lastKnownFileType = sourcecode.swift; path = missedPunchStatusViewmodel.swift; sourceTree = "<group>"; };
		38C4FB9D2E9CDBD6001934AD /* weekOffStatusViewmodel.swift */ = {isa = PBXFileReference; lastKnownFileType = sourcecode.swift; path = weekOffStatusViewmodel.swift; sourceTree = "<group>"; };
		38C4FB9F2E9CDBF7001934AD /* permissionStatusViewmodel.swift */ = {isa = PBXFileReference; lastKnownFileType = sourcecode.swift; path = permissionStatusViewmodel.swift; sourceTree = "<group>"; };
		38C4FBA32E9CDC6F001934AD /* demoView.swift */ = {isa = PBXFileReference; lastKnownFileType = sourcecode.swift; path = demoView.swift; sourceTree = "<group>"; };
		38C563FA2C637D5200153761 /* GoDairy.app */ = {isa = PBXFileReference; explicitFileType = wrapper.application; includeInIndex = 0; path = GoDairy.app; sourceTree = BUILT_PRODUCTS_DIR; };
		38C563FD2C637D5200153761 /* GoDairyApp.swift */ = {isa = PBXFileReference; lastKnownFileType = sourcecode.swift; path = GoDairyApp.swift; sourceTree = "<group>"; };
		38C563FF2C637D5200153761 /* ContentView.swift */ = {isa = PBXFileReference; lastKnownFileType = sourcecode.swift; path = ContentView.swift; sourceTree = "<group>"; };
		38C564012C637D5300153761 /* Assets.xcassets */ = {isa = PBXFileReference; lastKnownFileType = folder.assetcatalog; path = Assets.xcassets; sourceTree = "<group>"; };
		38C564042C637D5300153761 /* Preview Assets.xcassets */ = {isa = PBXFileReference; lastKnownFileType = folder.assetcatalog; path = "Preview Assets.xcassets"; sourceTree = "<group>"; };
		38C5A3B72E853D5F00BF8958 /* cameraPreview.swift */ = {isa = PBXFileReference; lastKnownFileType = sourcecode.swift; path = cameraPreview.swift; sourceTree = "<group>"; };
		38C7FB032E7ACA2E001CA81D /* leaveApprovalModel.swift */ = {isa = PBXFileReference; lastKnownFileType = sourcecode.swift; path = leaveApprovalModel.swift; sourceTree = "<group>"; };
		38C7FB052E7AD2A7001CA81D /* LeaveApprovalViewModel.swift */ = {isa = PBXFileReference; lastKnownFileType = sourcecode.swift; path = LeaveApprovalViewModel.swift; sourceTree = "<group>"; };
		38C7FB072E7ADD71001CA81D /* LeaveApprovalView.swift */ = {isa = PBXFileReference; lastKnownFileType = sourcecode.swift; path = LeaveApprovalView.swift; sourceTree = "<group>"; };
		38C7FB092E7AE3CC001CA81D /* LeaveApprovalDetailsView.swift */ = {isa = PBXFileReference; lastKnownFileType = sourcecode.swift; path = LeaveApprovalDetailsView.swift; sourceTree = "<group>"; };
		38C83D542E5852A600354AFD /* DashboardView.swift */ = {isa = PBXFileReference; lastKnownFileType = sourcecode.swift; path = DashboardView.swift; sourceTree = "<group>"; };
		38CA96BE2E6572CF000532A5 /* AdvanceRequestModel.swift */ = {isa = PBXFileReference; lastKnownFileType = sourcecode.swift; path = AdvanceRequestModel.swift; sourceTree = "<group>"; };
		38CA96C02E6573B3000532A5 /* AdvanceRequestViewModel.swift */ = {isa = PBXFileReference; lastKnownFileType = sourcecode.swift; path = AdvanceRequestViewModel.swift; sourceTree = "<group>"; };
		38CCC3E72CB6865D0096B309 /* CalendarView.swift */ = {isa = PBXFileReference; lastKnownFileType = sourcecode.swift; path = CalendarView.swift; sourceTree = "<group>"; };
		38CDF9D62E7967A800085DF6 /* approvalMissedPunchModel.swift */ = {isa = PBXFileReference; lastKnownFileType = sourcecode.swift; path = approvalMissedPunchModel.swift; sourceTree = "<group>"; };
		38CDF9D82E796B5B00085DF6 /* missedPunchApprovalHistoryViewModel.swift */ = {isa = PBXFileReference; lastKnownFileType = sourcecode.swift; path = missedPunchApprovalHistoryViewModel.swift; sourceTree = "<group>"; };
		38CDF9DA2E79711E00085DF6 /* MissedPunchApprovalHistoryView.swift */ = {isa = PBXFileReference; lastKnownFileType = sourcecode.swift; path = MissedPunchApprovalHistoryView.swift; sourceTree = "<group>"; };
		38D19F062E66AD7B00399314 /* PermissionRequestView.swift */ = {isa = PBXFileReference; lastKnownFileType = sourcecode.swift; path = PermissionRequestView.swift; sourceTree = "<group>"; };
		38D19F082E66E59A00399314 /* PermissionRequestModel.swift */ = {isa = PBXFileReference; lastKnownFileType = sourcecode.swift; path = PermissionRequestModel.swift; sourceTree = "<group>"; };
		38D19F0A2E66E84700399314 /* PermissionRequestViewModel.swift */ = {isa = PBXFileReference; lastKnownFileType = sourcecode.swift; path = PermissionRequestViewModel.swift; sourceTree = "<group>"; };
		38D2FA622E8AA7F700D2CEC8 /* MonthlyViewAllView.swift */ = {isa = PBXFileReference; lastKnownFileType = sourcecode.swift; path = MonthlyViewAllView.swift; sourceTree = "<group>"; };
		38D365472E7D70F70068CA01 /* dashboardViewmodel.swift */ = {isa = PBXFileReference; lastKnownFileType = sourcecode.swift; path = dashboardViewmodel.swift; sourceTree = "<group>"; };
		38D735A92E53383A00197EA1 /* Launch Screen.storyboard */ = {isa = PBXFileReference; lastKnownFileType = file.storyboard; path = "Launch Screen.storyboard"; sourceTree = "<group>"; };
		38D735AB2E533DEA00197EA1 /* DataViewModel.swift */ = {isa = PBXFileReference; lastKnownFileType = sourcecode.swift; path = DataViewModel.swift; sourceTree = "<group>"; };
		38D735AD2E533E8000197EA1 /* NetworkManager.swift */ = {isa = PBXFileReference; lastKnownFileType = sourcecode.swift; path = NetworkManager.swift; sourceTree = "<group>"; };
		38D735B12E5342B200197EA1 /* Constant.swift */ = {isa = PBXFileReference; lastKnownFileType = sourcecode.swift; path = Constant.swift; sourceTree = "<group>"; };
		38D9941C2E96378A00EBCD6C /* PrimaryOrderListView.swift */ = {isa = PBXFileReference; lastKnownFileType = sourcecode.swift; path = PrimaryOrderListView.swift; sourceTree = "<group>"; };
		38D9941E2E9685BA00EBCD6C /* Common.swift */ = {isa = PBXFileReference; lastKnownFileType = sourcecode.swift; path = Common.swift; sourceTree = "<group>"; };
		38D994202E968ED700EBCD6C /* PrimaryOrderHistoryView.swift */ = {isa = PBXFileReference; lastKnownFileType = sourcecode.swift; path = PrimaryOrderHistoryView.swift; sourceTree = "<group>"; };
		38D997022E696E65005DD972 /* MissedPunchView.swift */ = {isa = PBXFileReference; lastKnownFileType = sourcecode.swift; path = MissedPunchView.swift; sourceTree = "<group>"; };
		38D997042E6974C8005DD972 /* MissedPunchModel.swift */ = {isa = PBXFileReference; lastKnownFileType = sourcecode.swift; path = MissedPunchModel.swift; sourceTree = "<group>"; };
		38D997062E69776E005DD972 /* MissedPunchViewModel.swift */ = {isa = PBXFileReference; lastKnownFileType = sourcecode.swift; path = MissedPunchViewModel.swift; sourceTree = "<group>"; };
		38E041F92E815C1E0022C8FC /* Check-In View.swift */ = {isa = PBXFileReference; lastKnownFileType = sourcecode.swift; path = "Check-In View.swift"; sourceTree = "<group>"; };
		38EA2C002E5C686000428C3C /* AdvanceRequestView.swift */ = {isa = PBXFileReference; lastKnownFileType = sourcecode.swift; path = AdvanceRequestView.swift; sourceTree = "<group>"; };
		38EA2C022E5C712900428C3C /* LeaveRequestView.swift */ = {isa = PBXFileReference; lastKnownFileType = sourcecode.swift; path = LeaveRequestView.swift; sourceTree = "<group>"; };
		38EB916A2E603CFB00077669 /* Helper.swift */ = {isa = PBXFileReference; lastKnownFileType = sourcecode.swift; path = Helper.swift; sourceTree = "<group>"; };
		38EB916C2E606F0700077669 /* LeaveRequestViewModel.swift */ = {isa = PBXFileReference; lastKnownFileType = sourcecode.swift; path = LeaveRequestViewModel.swift; sourceTree = "<group>"; };
		38EB916E2E60710100077669 /* LeaveRequestDataResponse.swift */ = {isa = PBXFileReference; lastKnownFileType = sourcecode.swift; path = LeaveRequestDataResponse.swift; sourceTree = "<group>"; };
		38EEA3B22E5DC83200CAC7FD /* SelectionView.swift */ = {isa = PBXFileReference; lastKnownFileType = sourcecode.swift; path = SelectionView.swift; sourceTree = "<group>"; };
		38F1BA4F2CB1213200D4DFF2 /* ColorFile.swift */ = {isa = PBXFileReference; lastKnownFileType = sourcecode.swift; path = ColorFile.swift; sourceTree = "<group>"; };
		38F1BA512CB138C300D4DFF2 /* Todayview.swift */ = {isa = PBXFileReference; lastKnownFileType = sourcecode.swift; path = Todayview.swift; sourceTree = "<group>"; };
		38F1BA532CB138DC00D4DFF2 /* Monthlyview.swift */ = {isa = PBXFileReference; lastKnownFileType = sourcecode.swift; path = Monthlyview.swift; sourceTree = "<group>"; };
		3F67B5B52CA7D12400A1BCB7 /* Login_Page_View.swift */ = {isa = PBXFileReference; lastKnownFileType = sourcecode.swift; path = Login_Page_View.swift; sourceTree = "<group>"; };
		3F67B5B82CA7D30F00A1BCB7 /* Toast message.swift */ = {isa = PBXFileReference; lastKnownFileType = sourcecode.swift; path = "Toast message.swift"; sourceTree = "<group>"; };
		3F67B5BD2CA7DA5000A1BCB7 /* APIClient.swift */ = {isa = PBXFileReference; lastKnownFileType = sourcecode.swift; path = APIClient.swift; sourceTree = "<group>"; };
		3F67B5BF2CA7E37400A1BCB7 /* Info.plist */ = {isa = PBXFileReference; lastKnownFileType = text.plist.xml; path = Info.plist; sourceTree = "<group>"; };
		7FF180738FF69B385E02E85A /* Pods-GoDairy.release.xcconfig */ = {isa = PBXFileReference; includeInIndex = 1; lastKnownFileType = text.xcconfig; name = "Pods-GoDairy.release.xcconfig"; path = "Target Support Files/Pods-GoDairy/Pods-GoDairy.release.xcconfig"; sourceTree = "<group>"; };
		BBE54F58E266F27DAC336DEF /* Pods-GoDairy.debug.xcconfig */ = {isa = PBXFileReference; includeInIndex = 1; lastKnownFileType = text.xcconfig; name = "Pods-GoDairy.debug.xcconfig"; path = "Target Support Files/Pods-GoDairy/Pods-GoDairy.debug.xcconfig"; sourceTree = "<group>"; };
/* End PBXFileReference section */

/* Begin PBXFrameworksBuildPhase section */
		38C563F72C637D5200153761 /* Frameworks */ = {
			isa = PBXFrameworksBuildPhase;
			buildActionMask = 2147483647;
			files = (
				07E32C68A0641E6220EA5C56 /* Pods_GoDairy.framework in Frameworks */,
			);
			runOnlyForDeploymentPostprocessing = 0;
		};
/* End PBXFrameworksBuildPhase section */

/* Begin PBXGroup section */
		15289D352E8BFF2C00251FDE /* GeoTagging */ = {
			isa = PBXGroup;
			children = (
				15E8EA732E94EDEC00E4D7AC /* GeoTaggingViewModel.swift */,
			);
			path = GeoTagging;
			sourceTree = "<group>";
		};
		15289D362E8BFF5500251FDE /* GeoTagging */ = {
			isa = PBXGroup;
			children = (
				15289D382E8BFFD600251FDE /* GeoTaggingView.swift */,
			);
			path = GeoTagging;
			sourceTree = "<group>";
		};
		15289D372E8BFF6400251FDE /* GeoTagging */ = {
			isa = PBXGroup;
			children = (
				15E8EA712E94ED9900E4D7AC /* GeoTaggingModel.swift */,
			);
			path = GeoTagging;
			sourceTree = "<group>";
		};
		156B15C02C9D0F27C1C4B614 /* Pods */ = {
			isa = PBXGroup;
			children = (
				BBE54F58E266F27DAC336DEF /* Pods-GoDairy.debug.xcconfig */,
				7FF180738FF69B385E02E85A /* Pods-GoDairy.release.xcconfig */,
			);
			path = Pods;
			sourceTree = "<group>";
		};
		2DF982A44D6DB5E28BE04C2A /* Frameworks */ = {
			isa = PBXGroup;
			children = (
				17F6C07366FD3E932DB09DFA /* Pods_GoDairy.framework */,
			);
			name = Frameworks;
			sourceTree = "<group>";
		};
		3800816E2E55CE670053B360 /* Services */ = {
			isa = PBXGroup;
			children = (
				38C3C1092E83FB0B0014DCA2 /* MapKit.swift */,
				38D735AD2E533E8000197EA1 /* NetworkManager.swift */,
				38AB79F82E559385003F4214 /* PermissionManager.swift */,
				3F67B5BD2CA7DA5000A1BCB7 /* APIClient.swift */,
				38CCC3E72CB6865D0096B309 /* CalendarView.swift */,
			);
			path = Services;
			sourceTree = "<group>";
		};
		382455132E8BDC2C00561BB0 /* Check-In */ = {
			isa = PBXGroup;
			children = (
				382455142E8BDC3500561BB0 /* checkinmodel.swift */,
			);
			path = "Check-In";
			sourceTree = "<group>";
		};
		382455162E8BDCFE00561BB0 /* Check-In */ = {
			isa = PBXGroup;
			children = (
				382455172E8BDD8300561BB0 /* checkinviewmodel.swift */,
			);
			path = "Check-In";
			sourceTree = "<group>";
		};
		385ACE102E6ABCF10046FE7D /* Login */ = {
			isa = PBXGroup;
			children = (
				385EDAE92E544DCF003F7AD0 /* LoginModel.swift */,
			);
			path = Login;
			sourceTree = "<group>";
		};
		385ACE112E6ABD890046FE7D /* Request */ = {
			isa = PBXGroup;
			children = (
				385ACE222E6AFEBC0046FE7D /* DeviationEntryModel.swift */,
				385ACE1C2E6AC8550046FE7D /* WeekOffModel.swift */,
				38D997042E6974C8005DD972 /* MissedPunchModel.swift */,
				38D19F082E66E59A00399314 /* PermissionRequestModel.swift */,
				38EB916E2E60710100077669 /* LeaveRequestDataResponse.swift */,
				38CA96BE2E6572CF000532A5 /* AdvanceRequestModel.swift */,
			);
			path = Request;
			sourceTree = "<group>";
		};
		385ACE122E6ABDDD0046FE7D /* Dashboard */ = {
			isa = PBXGroup;
			children = (
				38AB43222E598CDC00D33B3A /* MyDayPlanModel.swift */,
			);
			path = Dashboard;
			sourceTree = "<group>";
		};
		385ACE132E6ABFAF0046FE7D /* Request */ = {
			isa = PBXGroup;
			children = (
				38EEA3B22E5DC83200CAC7FD /* SelectionView.swift */,
				385ACE0E2E6AAA370046FE7D /* WeekOffEntryView.swift */,
				38D997022E696E65005DD972 /* MissedPunchView.swift */,
				38D19F062E66AD7B00399314 /* PermissionRequestView.swift */,
				38EA2C022E5C712900428C3C /* LeaveRequestView.swift */,
				38EA2C002E5C686000428C3C /* AdvanceRequestView.swift */,
				385ACE202E6ADA740046FE7D /* DeviationEntryView.swift */,
			);
			path = Request;
			sourceTree = "<group>";
		};
		385ACE142E6AC0450046FE7D /* Splash */ = {
			isa = PBXGroup;
			children = (
				38A7A1372E56E56D006240D1 /* SplashScreenView.swift */,
			);
			path = Splash;
			sourceTree = "<group>";
		};
		385ACE182E6AC35A0046FE7D /* Dashboard */ = {
			isa = PBXGroup;
			children = (
				381CCF832CE5C41900159560 /* MyDayPlan.swift */,
				38F1BA532CB138DC00D4DFF2 /* Monthlyview.swift */,
				38F1BA512CB138C300D4DFF2 /* Todayview.swift */,
				38C83D542E5852A600354AFD /* DashboardView.swift */,
				38BF101E2E87CA8C00DDCA04 /* MapView.swift */,
				38D2FA622E8AA7F700D2CEC8 /* MonthlyViewAllView.swift */,
				38B15E7D2E98E9D70089A006 /* dummyView.swift */,
				38C4FBA32E9CDC6F001934AD /* demoView.swift */,
			);
			path = Dashboard;
			sourceTree = "<group>";
		};
		385ACE192E6AC5750046FE7D /* Main */ = {
			isa = PBXGroup;
			children = (
				3F67B5B52CA7D12400A1BCB7 /* Login_Page_View.swift */,
				385EDAEF2E54521E003F7AD0 /* PrivacyPolicyView.swift */,
				385EDAF52E5480B6003F7AD0 /* PermissionAskingView.swift */,
				38C563FF2C637D5200153761 /* ContentView.swift */,
				38C563FD2C637D5200153761 /* GoDairyApp.swift */,
			);
			path = Main;
			sourceTree = "<group>";
		};
		385ACE1A2E6AC7AB0046FE7D /* Request */ = {
			isa = PBXGroup;
			children = (
				385ACE242E6B02860046FE7D /* DeviationEntryViewModel.swift */,
				385ACE1E2E6AC9750046FE7D /* WeeklyOffViewModel.swift */,
				38EB916C2E606F0700077669 /* LeaveRequestViewModel.swift */,
				38CA96C02E6573B3000532A5 /* AdvanceRequestViewModel.swift */,
				38D19F0A2E66E84700399314 /* PermissionRequestViewModel.swift */,
				38D997062E69776E005DD972 /* MissedPunchViewModel.swift */,
			);
			path = Request;
			sourceTree = "<group>";
		};
		385ACE1B2E6AC7ED0046FE7D /* Main */ = {
			isa = PBXGroup;
			children = (
				38D735AB2E533DEA00197EA1 /* DataViewModel.swift */,
			);
			path = Main;
			sourceTree = "<group>";
		};
		385EDAEC2E544EB3003F7AD0 /* MVVM */ = {
			isa = PBXGroup;
			children = (
				38D735A22E53275700197EA1 /* Model */,
				38D735A32E53276100197EA1 /* View */,
				38D735A42E53276900197EA1 /* ViewModel */,
			);
			path = MVVM;
			sourceTree = "<group>";
		};
		38A9D4C72E6E9B6A009C70D2 /* Status */ = {
			isa = PBXGroup;
			children = (
				38C4FB9F2E9CDBF7001934AD /* permissionStatusViewmodel.swift */,
				38C4FB9D2E9CDBD6001934AD /* weekOffStatusViewmodel.swift */,
				38C4FB9B2E9CDBBA001934AD /* missedPunchStatusViewmodel.swift */,
				38A9D4D02E6EE51A009C70D2 /* leaveCancelStatusViewmodel.swift */,
				38A9D4C82E6E9C7F009C70D2 /* leaveStatusViewmodel.swift */,
				1505FF242E83CECF00A4E033 /* DeviationStatusViewModel.swift */,
			);
			path = Status;
			sourceTree = "<group>";
		};
		38AB2EFE2E6C513B007F3501 /* Status */ = {
			isa = PBXGroup;
			children = (
				38AB2EFF2E6C515A007F3501 /* LeaveStatusView.swift */,
				38A9D4D22E6EE830009C70D2 /* missedPunchView.swift */,
				38A9D4D42E6EE84B009C70D2 /* LeaveCancelView.swift */,
				38BC79062E6FF03D000A784A /* weeklyOffView.swift */,
				1505FF222E83CCDD00A4E033 /* DeviationStatusView.swift */,
				38BC79082E701F2C000A784A /* DaysSelectionView.swift */,
				38B15E872E9930500089A006 /* PermissionStatusView.swift */,
			);
			path = Status;
			sourceTree = "<group>";
		};
		38AB2F012E6C52A9007F3501 /* Status */ = {
			isa = PBXGroup;
			children = (
				38C4FB942E9CC503001934AD /* permissionStatusModel.swift */,
				38BC790A2E702F63000A784A /* weekOffStatusModel.swift */,
				38A9D4CE2E6EE206009C70D2 /* leaveCancelStatusModel.swift */,
				38A9D4CA2E6ED6F6009C70D2 /* missedPunchStatusModel.swift */,
				38AB2F022E6C52BB007F3501 /* leaveStatusModel.swift */,
				1505FF262E83CF1000A4E033 /* DeviationStatusModel.swift */,
			);
			path = Status;
			sourceTree = "<group>";
		};
		38AF3ECD2E73ECD500F76C5D /* Approval */ = {
			isa = PBXGroup;
			children = (
				38AF3EDC2E74342700F76C5D /* My Approvals */,
				38AF3ED82E7433F700F76C5D /* Approval History */,
			);
			path = Approval;
			sourceTree = "<group>";
		};
		38AF3ED02E73EF7200F76C5D /* Approval */ = {
			isa = PBXGroup;
			children = (
				38AF3EDD2E74371700F76C5D /* My Approvals */,
				38AF3EDE2E74372C00F76C5D /* Approval History */,
			);
			path = Approval;
			sourceTree = "<group>";
		};
		38AF3ED52E742DA500F76C5D /* Approval History */ = {
			isa = PBXGroup;
			children = (
				38AF3ED62E742DDA00F76C5D /* PermissionApprovalHistoryView.swift */,
				38CDF9DA2E79711E00085DF6 /* MissedPunchApprovalHistoryView.swift */,
				1505FEEA2E7A8B4300A4E033 /* LeaveApprovalHistoryView.swift */,
				1505FEF02E7AEAB900A4E033 /* AdvanceApprovalHistoryView.swift */,
				1505FF182E8279B300A4E033 /* LeaveCancelApprovalHistoryView.swift */,
			);
			path = "Approval History";
			sourceTree = "<group>";
		};
		38AF3ED82E7433F700F76C5D /* Approval History */ = {
			isa = PBXGroup;
			children = (
				38CDF9D62E7967A800085DF6 /* approvalMissedPunchModel.swift */,
				38AF3ED92E74340800F76C5D /* approvalPermissionmodel.swift */,
				1505FEEE2E7A8E6F00A4E033 /* LeaveApprovalHistoryModel.swift */,
				1505FF022E7C1A7400A4E033 /* AdvanceApprovalHistoryModel.swift */,
				1505FF1C2E827A2C00A4E033 /* LeaveCancelApprovalHistoryModel.swift */,
			);
			path = "Approval History";
			sourceTree = "<group>";
		};
		38AF3EDC2E74342700F76C5D /* My Approvals */ = {
			isa = PBXGroup;
			children = (
				38C7FB032E7ACA2E001CA81D /* leaveApprovalModel.swift */,
				38AF3ECE2E73ECE300F76C5D /* missedApprovalModel.swift */,
				1505FF082E7D622E00A4E033 /* PermissionApprovalModel.swift */,
				1505FF202E82B0FC00A4E033 /* DeviationEntryApprovalModel.swift */,
			);
			path = "My Approvals";
			sourceTree = "<group>";
		};
		38AF3EDD2E74371700F76C5D /* My Approvals */ = {
			isa = PBXGroup;
			children = (
				38C7FB052E7AD2A7001CA81D /* LeaveApprovalViewModel.swift */,
				38AF3ED12E73EF7A00F76C5D /* MissedApprovalViewModel.swift */,
				1505FF062E7D603500A4E033 /* PermissionApprovalViewModel.swift */,
				1505FF1E2E82A59300A4E033 /* DeviationEntryApprovalViewModel.swift */,
			);
			path = "My Approvals";
			sourceTree = "<group>";
		};
		38AF3EDE2E74372C00F76C5D /* Approval History */ = {
			isa = PBXGroup;
			children = (
				38CDF9D82E796B5B00085DF6 /* missedPunchApprovalHistoryViewModel.swift */,
				38AF3EDF2E74374200F76C5D /* permissionApprovalViewModel.swift */,
				1505FEEC2E7A8CAF00A4E033 /* LeaveApprovalHistoryViewModel.swift */,
				1505FF042E7C25B700A4E033 /* AdvanceApprovalHistoryViewModel.swift */,
				1505FF1A2E8279DD00A4E033 /* LeaveCancelApprovalHistoryViewModel.swift */,
			);
			path = "Approval History";
			sourceTree = "<group>";
		};
		38AF3EE12E74395B00F76C5D /* Main */ = {
			isa = PBXGroup;
			children = (
				38BD70912E72DFAB00AFDA7C /* ApprovalMainView.swift */,
			);
			path = Main;
			sourceTree = "<group>";
		};
		38AF3EE22E74397400F76C5D /* Main */ = {
			isa = PBXGroup;
			children = (
				38C26F322D2BF97E00595798 /* RequestView.swift */,
			);
			path = Main;
			sourceTree = "<group>";
		};
		38B15E7F2E98FDB00089A006 /* Activity */ = {
			isa = PBXGroup;
			children = (
				38B15E802E98FDBC0089A006 /* Primary Order */,
			);
			path = Activity;
			sourceTree = "<group>";
		};
		38B15E802E98FDBC0089A006 /* Primary Order */ = {
			isa = PBXGroup;
			children = (
				38B15E812E98FDC60089A006 /* primaryordermodel.swift */,
			);
			path = "Primary Order";
			sourceTree = "<group>";
		};
		38B15E832E9900D20089A006 /* Activity */ = {
			isa = PBXGroup;
			children = (
				38B15E842E9900E60089A006 /* PrimaryOrder */,
			);
			path = Activity;
			sourceTree = "<group>";
		};
		38B15E842E9900E60089A006 /* PrimaryOrder */ = {
			isa = PBXGroup;
			children = (
				38B15E852E9900F30089A006 /* PrimaryorderViewModel.swift */,
			);
			path = PrimaryOrder;
			sourceTree = "<group>";
		};
		38BD708C2E728FCA00AFDA7C /* Request & Status */ = {
			isa = PBXGroup;
			children = (
				38AF3EE22E74397400F76C5D /* Main */,
				385ACE132E6ABFAF0046FE7D /* Request */,
				38AB2EFE2E6C513B007F3501 /* Status */,
			);
			path = "Request & Status";
			sourceTree = "<group>";
		};
		38BD708D2E72900B00AFDA7C /* Activity */ = {
			isa = PBXGroup;
			children = (
				38D9941B2E96375400EBCD6C /* Primary Order */,
				38BD708E2E72902F00AFDA7C /* ActivityDashboardView.swift */,
			);
			path = Activity;
			sourceTree = "<group>";
		};
		38BD70902E72DF3500AFDA7C /* Approvals */ = {
			isa = PBXGroup;
			children = (
				38AF3EE12E74395B00F76C5D /* Main */,
				38BD70932E72E6F900AFDA7C /* My Approvals */,
				38AF3ED52E742DA500F76C5D /* Approval History */,
			);
			path = Approvals;
			sourceTree = "<group>";
		};
		38BD70932E72E6F900AFDA7C /* My Approvals */ = {
			isa = PBXGroup;
			children = (
				38BD70942E72E72600AFDA7C /* MissedPunchApprovalView.swift */,
				38AF3ED32E74139800F76C5D /* MissedPunchApprovalDetailsView.swift */,
				38C7FB072E7ADD71001CA81D /* LeaveApprovalView.swift */,
				38C7FB092E7AE3CC001CA81D /* LeaveApprovalDetailsView.swift */,
				1505FF002E7C0B4B00A4E033 /* PermissionApprovalView.swift */,
				1505FF0A2E7D7FD600A4E033 /* PermissionApprovalDetailsView.swift */,
				1505FF0C2E82723A00A4E033 /* AdvanceApprovalView.swift */,
				1505FF0E2E82726000A4E033 /* AdvanceApprovalDetailsView.swift */,
				1505FF102E8273DF00A4E033 /* DeviationApprovalView.swift */,
				1505FF122E82740200A4E033 /* DeviationApprovalDetailsView.swift */,
				1505FF142E82743D00A4E033 /* LeaveCancelApprovalView.swift */,
				1505FF162E82745A00A4E033 /* LeaveCancelApprovalDetailsView.swift */,
			);
			path = "My Approvals";
			sourceTree = "<group>";
		};
		38C4FB932E9CC4C9001934AD /* Request&Status */ = {
			isa = PBXGroup;
			children = (
				385ACE112E6ABD890046FE7D /* Request */,
				38AB2F012E6C52A9007F3501 /* Status */,
			);
			path = "Request&Status";
			sourceTree = "<group>";
		};
		38C4FB962E9CC708001934AD /* Request&Status */ = {
			isa = PBXGroup;
			children = (
			);
			path = "Request&Status";
			sourceTree = "<group>";
		};
		38C563F12C637D5200153761 = {
			isa = PBXGroup;
			children = (
				3F67B5BC2CA7DA1000A1BCB7 /* Common */,
				3800816E2E55CE670053B360 /* Services */,
				385EDAEC2E544EB3003F7AD0 /* MVVM */,
				38C563FC2C637D5200153761 /* GoDairy */,
				38C564012C637D5300153761 /* Assets.xcassets */,
				38D735A92E53383A00197EA1 /* Launch Screen.storyboard */,
				38C563FB2C637D5200153761 /* Products */,
				156B15C02C9D0F27C1C4B614 /* Pods */,
				2DF982A44D6DB5E28BE04C2A /* Frameworks */,
			);
			sourceTree = "<group>";
		};
		38C563FB2C637D5200153761 /* Products */ = {
			isa = PBXGroup;
			children = (
				38C563FA2C637D5200153761 /* GoDairy.app */,
			);
			name = Products;
			sourceTree = "<group>";
		};
		38C563FC2C637D5200153761 /* GoDairy */ = {
			isa = PBXGroup;
			children = (
				3F67B5BF2CA7E37400A1BCB7 /* Info.plist */,
				38C564032C637D5300153761 /* Preview Content */,
			);
			path = GoDairy;
			sourceTree = "<group>";
		};
		38C564032C637D5300153761 /* Preview Content */ = {
			isa = PBXGroup;
			children = (
				38C564042C637D5300153761 /* Preview Assets.xcassets */,
			);
			path = "Preview Content";
			sourceTree = "<group>";
		};
		38D365462E7D70EE0068CA01 /* Dashboard */ = {
			isa = PBXGroup;
			children = (
				38D365472E7D70F70068CA01 /* dashboardViewmodel.swift */,
			);
			path = Dashboard;
			sourceTree = "<group>";
		};
		38D735A22E53275700197EA1 /* Model */ = {
			isa = PBXGroup;
			children = (
				15289D372E8BFF6400251FDE /* GeoTagging */,
				38C4FB932E9CC4C9001934AD /* Request&Status */,
				38B15E7F2E98FDB00089A006 /* Activity */,
				382455132E8BDC2C00561BB0 /* Check-In */,
				38AF3ECD2E73ECD500F76C5D /* Approval */,
				385ACE122E6ABDDD0046FE7D /* Dashboard */,
				385ACE102E6ABCF10046FE7D /* Login */,
			);
			path = Model;
			sourceTree = "<group>";
		};
		38D735A32E53276100197EA1 /* View */ = {
			isa = PBXGroup;
			children = (
				15289D362E8BFF5500251FDE /* GeoTagging */,
				38E041F82E815C010022C8FC /* Check-In */,
				38BD70902E72DF3500AFDA7C /* Approvals */,
				38BD708D2E72900B00AFDA7C /* Activity */,
				38BD708C2E728FCA00AFDA7C /* Request & Status */,
				385ACE192E6AC5750046FE7D /* Main */,
				385ACE182E6AC35A0046FE7D /* Dashboard */,
				385ACE142E6AC0450046FE7D /* Splash */,
			);
			path = View;
			sourceTree = "<group>";
		};
		38D735A42E53276900197EA1 /* ViewModel */ = {
			isa = PBXGroup;
			children = (
				38C4FB962E9CC708001934AD /* Request&Status */,
				38B15E832E9900D20089A006 /* Activity */,
				382455162E8BDCFE00561BB0 /* Check-In */,
				38D365462E7D70EE0068CA01 /* Dashboard */,
				38AF3ED02E73EF7200F76C5D /* Approval */,
				38A9D4C72E6E9B6A009C70D2 /* Status */,
				15289D352E8BFF2C00251FDE /* GeoTagging */,
				385ACE1A2E6AC7AB0046FE7D /* Request */,
				385ACE1B2E6AC7ED0046FE7D /* Main */,
			);
			path = ViewModel;
			sourceTree = "<group>";
		};
		38D9941B2E96375400EBCD6C /* Primary Order */ = {
			isa = PBXGroup;
			children = (
				38D9941C2E96378A00EBCD6C /* PrimaryOrderListView.swift */,
				38D994202E968ED700EBCD6C /* PrimaryOrderHistoryView.swift */,
			);
			path = "Primary Order";
			sourceTree = "<group>";
		};
		38E041F82E815C010022C8FC /* Check-In */ = {
			isa = PBXGroup;
			children = (
				38E041F92E815C1E0022C8FC /* Check-In View.swift */,
			);
			path = "Check-In";
			sourceTree = "<group>";
		};
		3F67B5BC2CA7DA1000A1BCB7 /* Common */ = {
			isa = PBXGroup;
			children = (
				38D9941E2E9685BA00EBCD6C /* Common.swift */,
				38C5A3B72E853D5F00BF8958 /* cameraPreview.swift */,
				38EB916A2E603CFB00077669 /* Helper.swift */,
				38D735B12E5342B200197EA1 /* Constant.swift */,
				3F67B5B82CA7D30F00A1BCB7 /* Toast message.swift */,
				38F1BA4F2CB1213200D4DFF2 /* ColorFile.swift */,
			);
			path = Common;
			sourceTree = "<group>";
		};
/* End PBXGroup section */

/* Begin PBXNativeTarget section */
		38C563F92C637D5200153761 /* GoDairy */ = {
			isa = PBXNativeTarget;
			buildConfigurationList = 38C564082C637D5300153761 /* Build configuration list for PBXNativeTarget "GoDairy" */;
			buildPhases = (
				7FD7B06D73D5146A05D276AC /* [CP] Check Pods Manifest.lock */,
				38C563F62C637D5200153761 /* Sources */,
				38C563F72C637D5200153761 /* Frameworks */,
				38C563F82C637D5200153761 /* Resources */,
				DADA6ACB7C247C96D7B93B52 /* [CP] Embed Pods Frameworks */,
			);
			buildRules = (
			);
			dependencies = (
			);
			name = GoDairy;
			productName = GoDairy;
			productReference = 38C563FA2C637D5200153761 /* GoDairy.app */;
			productType = "com.apple.product-type.application";
		};
/* End PBXNativeTarget section */

/* Begin PBXProject section */
		38C563F22C637D5200153761 /* Project object */ = {
			isa = PBXProject;
			attributes = {
				BuildIndependentTargetsInParallel = 1;
				LastSwiftUpdateCheck = 1530;
				LastUpgradeCheck = 1530;
				TargetAttributes = {
					38C563F92C637D5200153761 = {
						CreatedOnToolsVersion = 15.3;
					};
				};
			};
			buildConfigurationList = 38C563F52C637D5200153761 /* Build configuration list for PBXProject "GoDairy" */;
			compatibilityVersion = "Xcode 14.0";
			developmentRegion = en;
			hasScannedForEncodings = 0;
			knownRegions = (
				en,
				Base,
				fr,
			);
			mainGroup = 38C563F12C637D5200153761;
			productRefGroup = 38C563FB2C637D5200153761 /* Products */;
			projectDirPath = "";
			projectRoot = "";
			targets = (
				38C563F92C637D5200153761 /* GoDairy */,
			);
		};
/* End PBXProject section */

/* Begin PBXResourcesBuildPhase section */
		38C563F82C637D5200153761 /* Resources */ = {
			isa = PBXResourcesBuildPhase;
			buildActionMask = 2147483647;
			files = (
				38D735AA2E53383A00197EA1 /* Launch Screen.storyboard in Resources */,
				38C564052C637D5300153761 /* Preview Assets.xcassets in Resources */,
				38C564022C637D5300153761 /* Assets.xcassets in Resources */,
			);
			runOnlyForDeploymentPostprocessing = 0;
		};
/* End PBXResourcesBuildPhase section */

/* Begin PBXShellScriptBuildPhase section */
		7FD7B06D73D5146A05D276AC /* [CP] Check Pods Manifest.lock */ = {
			isa = PBXShellScriptBuildPhase;
			buildActionMask = 2147483647;
			files = (
			);
			inputFileListPaths = (
			);
			inputPaths = (
				"${PODS_PODFILE_DIR_PATH}/Podfile.lock",
				"${PODS_ROOT}/Manifest.lock",
			);
			name = "[CP] Check Pods Manifest.lock";
			outputFileListPaths = (
			);
			outputPaths = (
				"$(DERIVED_FILE_DIR)/Pods-GoDairy-checkManifestLockResult.txt",
			);
			runOnlyForDeploymentPostprocessing = 0;
			shellPath = /bin/sh;
			shellScript = "diff \"${PODS_PODFILE_DIR_PATH}/Podfile.lock\" \"${PODS_ROOT}/Manifest.lock\" > /dev/null\nif [ $? != 0 ] ; then\n    # print error to STDERR\n    echo \"error: The sandbox is not in sync with the Podfile.lock. Run 'pod install' or update your CocoaPods installation.\" >&2\n    exit 1\nfi\n# This output is used by Xcode 'outputs' to avoid re-running this script phase.\necho \"SUCCESS\" > \"${SCRIPT_OUTPUT_FILE_0}\"\n";
			showEnvVarsInLog = 0;
		};
		DADA6ACB7C247C96D7B93B52 /* [CP] Embed Pods Frameworks */ = {
			isa = PBXShellScriptBuildPhase;
			buildActionMask = 2147483647;
			files = (
			);
			inputFileListPaths = (
				"${PODS_ROOT}/Target Support Files/Pods-GoDairy/Pods-GoDairy-frameworks-${CONFIGURATION}-input-files.xcfilelist",
			);
			name = "[CP] Embed Pods Frameworks";
			outputFileListPaths = (
				"${PODS_ROOT}/Target Support Files/Pods-GoDairy/Pods-GoDairy-frameworks-${CONFIGURATION}-output-files.xcfilelist",
			);
			runOnlyForDeploymentPostprocessing = 0;
			shellPath = /bin/sh;
			shellScript = "\"${PODS_ROOT}/Target Support Files/Pods-GoDairy/Pods-GoDairy-frameworks.sh\"\n";
			showEnvVarsInLog = 0;
		};
/* End PBXShellScriptBuildPhase section */

/* Begin PBXSourcesBuildPhase section */
		38C563F62C637D5200153761 /* Sources */ = {
			isa = PBXSourcesBuildPhase;
			buildActionMask = 2147483647;
			files = (
				38C26F332D2BF97E00595798 /* RequestView.swift in Sources */,
				38BF101F2E87CA8C00DDCA04 /* MapView.swift in Sources */,
				38C3C10A2E83FB100014DCA2 /* MapKit.swift in Sources */,
				1505FF0B2E7D7FD600A4E033 /* PermissionApprovalDetailsView.swift in Sources */,
				38AF3EDA2E74341700F76C5D /* approvalPermissionmodel.swift in Sources */,
				1505FF032E7C1A7400A4E033 /* AdvanceApprovalHistoryModel.swift in Sources */,
				1505FF172E82745A00A4E033 /* LeaveCancelApprovalDetailsView.swift in Sources */,
				1505FF1D2E827A2C00A4E033 /* LeaveCancelApprovalHistoryModel.swift in Sources */,
				38AB2F032E6C52C9007F3501 /* leaveStatusModel.swift in Sources */,
				1505FF0F2E82726000A4E033 /* AdvanceApprovalDetailsView.swift in Sources */,
				38EA2C012E5C686000428C3C /* AdvanceRequestView.swift in Sources */,
				38BC79092E701F2C000A784A /* DaysSelectionView.swift in Sources */,
				38D365482E7D71040068CA01 /* dashboardViewmodel.swift in Sources */,
				38D19F072E66AD7C00399314 /* PermissionRequestView.swift in Sources */,
				38CDF9DB2E79711E00085DF6 /* MissedPunchApprovalHistoryView.swift in Sources */,
				38BD70922E72DFAB00AFDA7C /* ApprovalMainView.swift in Sources */,
				38C7FB042E7ACA3A001CA81D /* leaveApprovalModel.swift in Sources */,
				38AF3ED22E73EF8E00F76C5D /* MissedApprovalViewModel.swift in Sources */,
				15E8EA742E94EDEC00E4D7AC /* GeoTaggingViewModel.swift in Sources */,
				1505FF192E8279B300A4E033 /* LeaveCancelApprovalHistoryView.swift in Sources */,
				38EA2C032E5C712900428C3C /* LeaveRequestView.swift in Sources */,
				3F67B5B62CA7D12400A1BCB7 /* Login_Page_View.swift in Sources */,
				1505FF012E7C0B4B00A4E033 /* PermissionApprovalView.swift in Sources */,
				38F1BA502CB1213200D4DFF2 /* ColorFile.swift in Sources */,
				385ACE232E6AFEC70046FE7D /* DeviationEntryModel.swift in Sources */,
				38D994212E968ED700EBCD6C /* PrimaryOrderHistoryView.swift in Sources */,
				38BD708F2E72902F00AFDA7C /* ActivityDashboardView.swift in Sources */,
				3F67B5BE2CA7DA5000A1BCB7 /* APIClient.swift in Sources */,
				38CDF9D72E7967B500085DF6 /* approvalMissedPunchModel.swift in Sources */,
				38C7FB062E7AD2BB001CA81D /* LeaveApprovalViewModel.swift in Sources */,
				385EDAF02E54521E003F7AD0 /* PrivacyPolicyView.swift in Sources */,
				38CA96C12E6573C0000532A5 /* AdvanceRequestViewModel.swift in Sources */,
				38D735B22E5342B800197EA1 /* Constant.swift in Sources */,
				38D997032E696E65005DD972 /* MissedPunchView.swift in Sources */,
				1505FF212E82B0FC00A4E033 /* DeviationEntryApprovalModel.swift in Sources */,
				1505FEED2E7A8CAF00A4E033 /* LeaveApprovalHistoryViewModel.swift in Sources */,
				1505FF0D2E82723A00A4E033 /* AdvanceApprovalView.swift in Sources */,
				38AB43232E598CE700D33B3A /* MyDayPlanModel.swift in Sources */,
				38BC790B2E702F6B000A784A /* weekOffStatusModel.swift in Sources */,
				385ACE1D2E6AC86C0046FE7D /* WeekOffModel.swift in Sources */,
				1505FF1B2E8279DD00A4E033 /* LeaveCancelApprovalHistoryViewModel.swift in Sources */,
				38A9D4CF2E6EE20C009C70D2 /* leaveCancelStatusModel.swift in Sources */,
				38A9D4CF2E6EE20C009C70D2 /* leaveCancelStatusModel.swift in Sources */,
				38C7FB082E7ADD71001CA81D /* LeaveApprovalView.swift in Sources */,
				38AF3ECF2E73ED0300F76C5D /* missedApprovalModel.swift in Sources */,
				382455152E8BDC3D00561BB0 /* checkinmodel.swift in Sources */,
				385ACE0F2E6AAA370046FE7D /* WeekOffEntryView.swift in Sources */,
				38A9D4D52E6EE84B009C70D2 /* LeaveCancelView.swift in Sources */,
				38AF3EE02E74375A00F76C5D /* permissionApprovalViewModel.swift in Sources */,
				38AF3ED72E742DDA00F76C5D /* PermissionApprovalHistoryView.swift in Sources */,
				385ACE1F2E6AC98A0046FE7D /* WeeklyOffViewModel.swift in Sources */,
				38C7FB0A2E7AE3CC001CA81D /* LeaveApprovalDetailsView.swift in Sources */,
				38A7A1382E56E56D006240D1 /* SplashScreenView.swift in Sources */,
				38D19F092E66E5A500399314 /* PermissionRequestModel.swift in Sources */,
				38D2FA632E8AA7F700D2CEC8 /* MonthlyViewAllView.swift in Sources */,
				38AB2F002E6C515A007F3501 /* LeaveStatusView.swift in Sources */,
				1505FF1F2E82A59300A4E033 /* DeviationEntryApprovalViewModel.swift in Sources */,
				382455182E8BDD8C00561BB0 /* checkinviewmodel.swift in Sources */,
				1505FEEF2E7A8E6F00A4E033 /* LeaveApprovalHistoryModel.swift in Sources */,
				38A9D4CB2E6ED702009C70D2 /* missedPunchStatusModel.swift in Sources */,
				38A9D4D12E6EE52B009C70D2 /* leaveCancelStatusViewmodel.swift in Sources */,
				1505FF092E7D622E00A4E033 /* PermissionApprovalModel.swift in Sources */,
				1505FF132E82740200A4E033 /* DeviationApprovalDetailsView.swift in Sources */,
				38C4FB952E9CC510001934AD /* permissionStatusModel.swift in Sources */,
				38D997052E6974D5005DD972 /* MissedPunchModel.swift in Sources */,
				38EEA3B32E5DC83200CAC7FD /* SelectionView.swift in Sources */,
				38B15E862E9900FA0089A006 /* PrimaryorderViewModel.swift in Sources */,
				38BD70952E72E72600AFDA7C /* MissedPunchApprovalView.swift in Sources */,
				38BC79072E6FF03D000A784A /* weeklyOffView.swift in Sources */,
				38D735AC2E533E0D00197EA1 /* DataViewModel.swift in Sources */,
				38B15E7E2E98E9D70089A006 /* dummyView.swift in Sources */,
				1505FF072E7D603500A4E033 /* PermissionApprovalViewModel.swift in Sources */,
				15E8EA722E94ED9900E4D7AC /* GeoTaggingModel.swift in Sources */,
				1505FEF12E7AEAB900A4E033 /* AdvanceApprovalHistoryView.swift in Sources */,
				38D9941F2E9685BE00EBCD6C /* Common.swift in Sources */,
				38EB916F2E60710800077669 /* LeaveRequestDataResponse.swift in Sources */,
				38C564002C637D5200153761 /* ContentView.swift in Sources */,
				1505FF112E8273DF00A4E033 /* DeviationApprovalView.swift in Sources */,
				38D9941D2E96378A00EBCD6C /* PrimaryOrderListView.swift in Sources */,
				38E041FA2E815C1E0022C8FC /* Check-In View.swift in Sources */,
				38A9D4C92E6E9C91009C70D2 /* leaveStatusViewmodel.swift in Sources */,
				38AF3ED42E74139800F76C5D /* MissedPunchApprovalDetailsView.swift in Sources */,
				3F67B5B92CA7D30F00A1BCB7 /* Toast message.swift in Sources */,
				38CA96BF2E6572CF000532A5 /* AdvanceRequestModel.swift in Sources */,
				38D735AE2E533E8C00197EA1 /* NetworkManager.swift in Sources */,
				385ACE252E6B028F0046FE7D /* DeviationEntryViewModel.swift in Sources */,
				1505FF152E82743D00A4E033 /* LeaveCancelApprovalView.swift in Sources */,
				381CCF842CE5C41900159560 /* MyDayPlan.swift in Sources */,
				1505FF252E83CECF00A4E033 /* DeviationStatusViewModel.swift in Sources */,
				38C4FBA42E9CDC6F001934AD /* demoView.swift in Sources */,
				1505FF232E83CCDD00A4E033 /* DeviationStatusView.swift in Sources */,
				1505FF052E7C25B700A4E033 /* AdvanceApprovalHistoryViewModel.swift in Sources */,
				38CCC3E82CB6865D0096B309 /* CalendarView.swift in Sources */,
				38B15E882E9930500089A006 /* PermissionStatusView.swift in Sources */,
				38C563FE2C637D5200153761 /* GoDairyApp.swift in Sources */,
				38C4FB9E2E9CDBDF001934AD /* weekOffStatusViewmodel.swift in Sources */,
				38EB916D2E606F1300077669 /* LeaveRequestViewModel.swift in Sources */,
				38EB916B2E603D0000077669 /* Helper.swift in Sources */,
				385EDAF62E5480B6003F7AD0 /* PermissionAskingView.swift in Sources */,
				385ACE212E6ADA740046FE7D /* DeviationEntryView.swift in Sources */,
				385EDAEA2E544DD6003F7AD0 /* LoginModel.swift in Sources */,
				38A9D4D32E6EE830009C70D2 /* missedPunchView.swift in Sources */,
				38B15E822E98FDD10089A006 /* primaryordermodel.swift in Sources */,
				38F1BA522CB138C300D4DFF2 /* Todayview.swift in Sources */,
				15289D392E8BFFD600251FDE /* GeoTaggingView.swift in Sources */,
				38F1BA542CB138DC00D4DFF2 /* Monthlyview.swift in Sources */,
				38D997072E69777E005DD972 /* MissedPunchViewModel.swift in Sources */,
				1505FEEB2E7A8B4300A4E033 /* LeaveApprovalHistoryView.swift in Sources */,
				1505FF272E83CF1000A4E033 /* DeviationStatusModel.swift in Sources */,
				38C5A3B82E853D6800BF8958 /* cameraPreview.swift in Sources */,
				38AB79F92E55939D003F4214 /* PermissionManager.swift in Sources */,
				38D19F0B2E66E85D00399314 /* PermissionRequestViewModel.swift in Sources */,
				38C83D552E5852A600354AFD /* DashboardView.swift in Sources */,
				38CDF9D92E796B7800085DF6 /* missedPunchApprovalHistoryViewModel.swift in Sources */,
				38C4FBA02E9CDBFE001934AD /* permissionStatusViewmodel.swift in Sources */,
				38C4FB9C2E9CDBC4001934AD /* missedPunchStatusViewmodel.swift in Sources */,
			);
			runOnlyForDeploymentPostprocessing = 0;
		};
/* End PBXSourcesBuildPhase section */

/* Begin XCBuildConfiguration section */
		38C564062C637D5300153761 /* Debug */ = {
			isa = XCBuildConfiguration;
			buildSettings = {
				ALWAYS_SEARCH_USER_PATHS = NO;
				ASSETCATALOG_COMPILER_GENERATE_SWIFT_ASSET_SYMBOL_EXTENSIONS = YES;
				CLANG_ANALYZER_NONNULL = YES;
				CLANG_ANALYZER_NUMBER_OBJECT_CONVERSION = YES_AGGRESSIVE;
				CLANG_CXX_LANGUAGE_STANDARD = "gnu++20";
				CLANG_ENABLE_MODULES = YES;
				CLANG_ENABLE_OBJC_ARC = YES;
				CLANG_ENABLE_OBJC_WEAK = YES;
				CLANG_WARN_BLOCK_CAPTURE_AUTORELEASING = YES;
				CLANG_WARN_BOOL_CONVERSION = YES;
				CLANG_WARN_COMMA = YES;
				CLANG_WARN_CONSTANT_CONVERSION = YES;
				CLANG_WARN_DEPRECATED_OBJC_IMPLEMENTATIONS = YES;
				CLANG_WARN_DIRECT_OBJC_ISA_USAGE = YES_ERROR;
				CLANG_WARN_DOCUMENTATION_COMMENTS = YES;
				CLANG_WARN_EMPTY_BODY = YES;
				CLANG_WARN_ENUM_CONVERSION = YES;
				CLANG_WARN_INFINITE_RECURSION = YES;
				CLANG_WARN_INT_CONVERSION = YES;
				CLANG_WARN_NON_LITERAL_NULL_CONVERSION = YES;
				CLANG_WARN_OBJC_IMPLICIT_RETAIN_SELF = YES;
				CLANG_WARN_OBJC_LITERAL_CONVERSION = YES;
				CLANG_WARN_OBJC_ROOT_CLASS = YES_ERROR;
				CLANG_WARN_QUOTED_INCLUDE_IN_FRAMEWORK_HEADER = YES;
				CLANG_WARN_RANGE_LOOP_ANALYSIS = YES;
				CLANG_WARN_STRICT_PROTOTYPES = YES;
				CLANG_WARN_SUSPICIOUS_MOVE = YES;
				CLANG_WARN_UNGUARDED_AVAILABILITY = YES_AGGRESSIVE;
				CLANG_WARN_UNREACHABLE_CODE = YES;
				CLANG_WARN__DUPLICATE_METHOD_MATCH = YES;
				COPY_PHASE_STRIP = NO;
				DEBUG_INFORMATION_FORMAT = dwarf;
				ENABLE_STRICT_OBJC_MSGSEND = YES;
				ENABLE_TESTABILITY = YES;
				ENABLE_USER_SCRIPT_SANDBOXING = NO;
				GCC_C_LANGUAGE_STANDARD = gnu17;
				GCC_DYNAMIC_NO_PIC = NO;
				GCC_NO_COMMON_BLOCKS = YES;
				GCC_OPTIMIZATION_LEVEL = 0;
				GCC_PREPROCESSOR_DEFINITIONS = (
					"DEBUG=1",
					"$(inherited)",
				);
				GCC_WARN_64_TO_32_BIT_CONVERSION = YES;
				GCC_WARN_ABOUT_RETURN_TYPE = YES_ERROR;
				GCC_WARN_UNDECLARED_SELECTOR = YES;
				GCC_WARN_UNINITIALIZED_AUTOS = YES_AGGRESSIVE;
				GCC_WARN_UNUSED_FUNCTION = YES;
				GCC_WARN_UNUSED_VARIABLE = YES;
				IPHONEOS_DEPLOYMENT_TARGET = 16.0;
				LOCALIZATION_PREFERS_STRING_CATALOGS = YES;
				MTL_ENABLE_DEBUG_INFO = INCLUDE_SOURCE;
				MTL_FAST_MATH = YES;
				ONLY_ACTIVE_ARCH = YES;
				SDKROOT = iphoneos;
				SWIFT_ACTIVE_COMPILATION_CONDITIONS = "DEBUG $(inherited)";
				SWIFT_EMIT_LOC_STRINGS = YES;
				SWIFT_OPTIMIZATION_LEVEL = "-Onone";
			};
			name = Debug;
		};
		38C564072C637D5300153761 /* Release */ = {
			isa = XCBuildConfiguration;
			buildSettings = {
				ALWAYS_SEARCH_USER_PATHS = NO;
				ASSETCATALOG_COMPILER_GENERATE_SWIFT_ASSET_SYMBOL_EXTENSIONS = YES;
				CLANG_ANALYZER_NONNULL = YES;
				CLANG_ANALYZER_NUMBER_OBJECT_CONVERSION = YES_AGGRESSIVE;
				CLANG_CXX_LANGUAGE_STANDARD = "gnu++20";
				CLANG_ENABLE_MODULES = YES;
				CLANG_ENABLE_OBJC_ARC = YES;
				CLANG_ENABLE_OBJC_WEAK = YES;
				CLANG_WARN_BLOCK_CAPTURE_AUTORELEASING = YES;
				CLANG_WARN_BOOL_CONVERSION = YES;
				CLANG_WARN_COMMA = YES;
				CLANG_WARN_CONSTANT_CONVERSION = YES;
				CLANG_WARN_DEPRECATED_OBJC_IMPLEMENTATIONS = YES;
				CLANG_WARN_DIRECT_OBJC_ISA_USAGE = YES_ERROR;
				CLANG_WARN_DOCUMENTATION_COMMENTS = YES;
				CLANG_WARN_EMPTY_BODY = YES;
				CLANG_WARN_ENUM_CONVERSION = YES;
				CLANG_WARN_INFINITE_RECURSION = YES;
				CLANG_WARN_INT_CONVERSION = YES;
				CLANG_WARN_NON_LITERAL_NULL_CONVERSION = YES;
				CLANG_WARN_OBJC_IMPLICIT_RETAIN_SELF = YES;
				CLANG_WARN_OBJC_LITERAL_CONVERSION = YES;
				CLANG_WARN_OBJC_ROOT_CLASS = YES_ERROR;
				CLANG_WARN_QUOTED_INCLUDE_IN_FRAMEWORK_HEADER = YES;
				CLANG_WARN_RANGE_LOOP_ANALYSIS = YES;
				CLANG_WARN_STRICT_PROTOTYPES = YES;
				CLANG_WARN_SUSPICIOUS_MOVE = YES;
				CLANG_WARN_UNGUARDED_AVAILABILITY = YES_AGGRESSIVE;
				CLANG_WARN_UNREACHABLE_CODE = YES;
				CLANG_WARN__DUPLICATE_METHOD_MATCH = YES;
				COPY_PHASE_STRIP = NO;
				DEBUG_INFORMATION_FORMAT = "dwarf-with-dsym";
				ENABLE_NS_ASSERTIONS = NO;
				ENABLE_STRICT_OBJC_MSGSEND = YES;
				ENABLE_USER_SCRIPT_SANDBOXING = NO;
				GCC_C_LANGUAGE_STANDARD = gnu17;
				GCC_NO_COMMON_BLOCKS = YES;
				GCC_WARN_64_TO_32_BIT_CONVERSION = YES;
				GCC_WARN_ABOUT_RETURN_TYPE = YES_ERROR;
				GCC_WARN_UNDECLARED_SELECTOR = YES;
				GCC_WARN_UNINITIALIZED_AUTOS = YES_AGGRESSIVE;
				GCC_WARN_UNUSED_FUNCTION = YES;
				GCC_WARN_UNUSED_VARIABLE = YES;
				IPHONEOS_DEPLOYMENT_TARGET = 16.0;
				LOCALIZATION_PREFERS_STRING_CATALOGS = YES;
				MTL_ENABLE_DEBUG_INFO = NO;
				MTL_FAST_MATH = YES;
				SDKROOT = iphoneos;
				SWIFT_COMPILATION_MODE = wholemodule;
				SWIFT_EMIT_LOC_STRINGS = YES;
				VALIDATE_PRODUCT = YES;
			};
			name = Release;
		};
		38C564092C637D5300153761 /* Debug */ = {
			isa = XCBuildConfiguration;
			baseConfigurationReference = BBE54F58E266F27DAC336DEF /* Pods-GoDairy.debug.xcconfig */;
			buildSettings = {
				ARCHS = "$(ARCHS_STANDARD)";
				ASSETCATALOG_COMPILER_APPICON_NAME = AppIcon;
				ASSETCATALOG_COMPILER_GLOBAL_ACCENT_COLOR_NAME = AccentColor;
				CODE_SIGN_STYLE = Automatic;
				CURRENT_PROJECT_VERSION = 1;
				DEVELOPMENT_ASSET_PATHS = "\"GoDairy/Preview Content\"";
				DEVELOPMENT_TEAM = N89SJ534H4;
				ENABLE_PREVIEWS = YES;
				GENERATE_INFOPLIST_FILE = YES;
				INFOPLIST_FILE = GoDairy/Info.plist;
				INFOPLIST_KEY_NSCameraUsageDescription = "This app needs access to the camera to take photos and videos.";
				INFOPLIST_KEY_NSLocationAlwaysAndWhenInUseUsageDescription = "We use your location fetch your current location";
				INFOPLIST_KEY_NSLocationAlwaysUsageDescription = "For requesting location while the app is in use";
				INFOPLIST_KEY_NSLocationWhenInUseUsageDescription = "We use your location to automatically detect your current location";
				INFOPLIST_KEY_NSPhotoLibraryUsageDescription = "Allow GODIARY to access your photos and media";
				INFOPLIST_KEY_UIApplicationSceneManifest_Generation = YES;
				INFOPLIST_KEY_UIApplicationSupportsIndirectInputEvents = YES;
				INFOPLIST_KEY_UILaunchScreen_Generation = YES;
				INFOPLIST_KEY_UILaunchStoryboardName = "Launch Screen.storyboard";
				INFOPLIST_KEY_UISupportedInterfaceOrientations_iPad = "UIInterfaceOrientationPortrait UIInterfaceOrientationPortraitUpsideDown UIInterfaceOrientationLandscapeLeft UIInterfaceOrientationLandscapeRight";
				INFOPLIST_KEY_UISupportedInterfaceOrientations_iPhone = "UIInterfaceOrientationPortrait UIInterfaceOrientationLandscapeLeft UIInterfaceOrientationLandscapeRight";
				IPHONEOS_DEPLOYMENT_TARGET = 16.0;
				LD_RUNPATH_SEARCH_PATHS = (
					"$(inherited)",
					"@executable_path/Frameworks",
				);
				MACOSX_DEPLOYMENT_TARGET = 14.6;
				MARKETING_VERSION = 1.0;
				PRODUCT_BUNDLE_IDENTIFIER = com.saneforce.GoDairyios;
				PRODUCT_NAME = "$(TARGET_NAME)";
				SWIFT_EMIT_LOC_STRINGS = YES;
				SWIFT_VERSION = 5.0;
				TARGETED_DEVICE_FAMILY = "1,2";
			};
			name = Debug;
		};
		38C5640A2C637D5300153761 /* Release */ = {
			isa = XCBuildConfiguration;
			baseConfigurationReference = 7FF180738FF69B385E02E85A /* Pods-GoDairy.release.xcconfig */;
			buildSettings = {
				ARCHS = "$(ARCHS_STANDARD)";
				ASSETCATALOG_COMPILER_APPICON_NAME = AppIcon;
				ASSETCATALOG_COMPILER_GLOBAL_ACCENT_COLOR_NAME = AccentColor;
				CODE_SIGN_STYLE = Automatic;
				CURRENT_PROJECT_VERSION = 1;
				DEVELOPMENT_ASSET_PATHS = "\"GoDairy/Preview Content\"";
				DEVELOPMENT_TEAM = N89SJ534H4;
				ENABLE_PREVIEWS = YES;
				GENERATE_INFOPLIST_FILE = YES;
				INFOPLIST_FILE = GoDairy/Info.plist;
				INFOPLIST_KEY_NSCameraUsageDescription = "This app needs access to the camera to take photos and videos.";
				INFOPLIST_KEY_NSLocationAlwaysAndWhenInUseUsageDescription = "We use your location fetch your current location";
				INFOPLIST_KEY_NSLocationAlwaysUsageDescription = "For requesting location while the app is in use";
				INFOPLIST_KEY_NSLocationWhenInUseUsageDescription = "We use your location to automatically detect your current location";
				INFOPLIST_KEY_NSPhotoLibraryUsageDescription = "Allow GODIARY to access your photos and media";
				INFOPLIST_KEY_UIApplicationSceneManifest_Generation = YES;
				INFOPLIST_KEY_UIApplicationSupportsIndirectInputEvents = YES;
				INFOPLIST_KEY_UILaunchScreen_Generation = YES;
				INFOPLIST_KEY_UILaunchStoryboardName = "Launch Screen.storyboard";
				INFOPLIST_KEY_UISupportedInterfaceOrientations_iPad = "UIInterfaceOrientationPortrait UIInterfaceOrientationPortraitUpsideDown UIInterfaceOrientationLandscapeLeft UIInterfaceOrientationLandscapeRight";
				INFOPLIST_KEY_UISupportedInterfaceOrientations_iPhone = "UIInterfaceOrientationPortrait UIInterfaceOrientationLandscapeLeft UIInterfaceOrientationLandscapeRight";
				IPHONEOS_DEPLOYMENT_TARGET = 16.0;
				LD_RUNPATH_SEARCH_PATHS = (
					"$(inherited)",
					"@executable_path/Frameworks",
				);
				MACOSX_DEPLOYMENT_TARGET = 14.6;
				MARKETING_VERSION = 1.0;
				PRODUCT_BUNDLE_IDENTIFIER = com.saneforce.GoDairyios;
				PRODUCT_NAME = "$(TARGET_NAME)";
				SWIFT_EMIT_LOC_STRINGS = YES;
				SWIFT_VERSION = 5.0;
				TARGETED_DEVICE_FAMILY = "1,2";
			};
			name = Release;
		};
/* End XCBuildConfiguration section */

/* Begin XCConfigurationList section */
		38C563F52C637D5200153761 /* Build configuration list for PBXProject "GoDairy" */ = {
			isa = XCConfigurationList;
			buildConfigurations = (
				38C564062C637D5300153761 /* Debug */,
				38C564072C637D5300153761 /* Release */,
			);
			defaultConfigurationIsVisible = 0;
			defaultConfigurationName = Release;
		};
		38C564082C637D5300153761 /* Build configuration list for PBXNativeTarget "GoDairy" */ = {
			isa = XCConfigurationList;
			buildConfigurations = (
				38C564092C637D5300153761 /* Debug */,
				38C5640A2C637D5300153761 /* Release */,
			);
			defaultConfigurationIsVisible = 0;
			defaultConfigurationName = Release;
		};
/* End XCConfigurationList section */
	};
	rootObject = 38C563F22C637D5200153761 /* Project object */;
}
